{
  "version": 4,
  "terraform_version": "1.4.2",
  "serial": 31,
  "lineage": "11a64ac2-b9fc-516c-f0c3-a52996060466",
  "outputs": {},
  "resources": [
    {
      "mode": "managed",
      "type": "google_compute_firewall",
      "name": "pgbouncer_ssh",
      "provider": "provider[\"registry.terraform.io/hashicorp/google\"]",
      "instances": [
        {
          "schema_version": 1,
          "attributes": {
            "allow": [
              {
                "ports": [
                  "22"
                ],
                "protocol": "tcp"
              },
              {
                "ports": [
                  "6432"
                ],
                "protocol": "tcp"
              }
            ],
            "creation_timestamp": "2023-04-04T08:12:39.128-07:00",
            "deny": [],
            "description": "",
            "destination_ranges": [],
            "direction": "INGRESS",
            "disabled": false,
            "enable_logging": null,
            "id": "projects/sapient-helix-352609/global/firewalls/pgbouncer",
            "log_config": [],
            "name": "pgbouncer",
            "network": "https://www.googleapis.com/compute/v1/projects/sapient-helix-352609/global/networks/pgbouncer-network",
            "priority": 1000,
            "project": "sapient-helix-352609",
            "self_link": "https://www.googleapis.com/compute/v1/projects/sapient-helix-352609/global/firewalls/pgbouncer",
            "source_ranges": [
              "0.0.0.0/0"
            ],
            "source_service_accounts": null,
            "source_tags": null,
            "target_service_accounts": null,
            "target_tags": [
              "pgbouncer"
            ],
            "timeouts": null
          },
          "sensitive_attributes": [],
          "private": "eyJlMmJmYjczMC1lY2FhLTExZTYtOGY4OC0zNDM2M2JjN2M0YzAiOnsiY3JlYXRlIjoyNDAwMDAwMDAwMDAsImRlbGV0ZSI6MjQwMDAwMDAwMDAwLCJ1cGRhdGUiOjI0MDAwMDAwMDAwMH0sInNjaGVtYV92ZXJzaW9uIjoiMSJ9",
          "dependencies": [
            "module.vpc_network.module.vpc.google_compute_network.network"
          ]
        }
      ]
    },
    {
      "mode": "managed",
      "type": "google_compute_instance",
      "name": "pgbouncer_instance",
      "provider": "provider[\"registry.terraform.io/hashicorp/google\"]",
      "instances": [
        {
          "schema_version": 6,
          "attributes": {
            "advanced_machine_features": [],
            "allow_stopping_for_update": true,
            "attached_disk": [],
            "boot_disk": [
              {
                "auto_delete": true,
                "device_name": "persistent-disk-0",
                "disk_encryption_key_raw": "",
                "disk_encryption_key_sha256": "",
                "initialize_params": [
                  {
                    "image": "https://www.googleapis.com/compute/v1/projects/debian-cloud/global/images/debian-10-buster-v20230306",
                    "labels": {},
                    "size": 10,
                    "type": "pd-standard"
                  }
                ],
                "kms_key_self_link": "",
                "mode": "READ_WRITE",
                "source": "https://www.googleapis.com/compute/v1/projects/sapient-helix-352609/zones/us-central1-a/disks/pgbouncer-vm"
              }
            ],
            "can_ip_forward": false,
            "confidential_instance_config": [],
            "cpu_platform": "Intel Haswell",
            "current_status": "RUNNING",
            "deletion_protection": false,
            "description": "",
            "desired_status": null,
            "enable_display": false,
            "guest_accelerator": [],
            "hostname": "",
            "id": "projects/sapient-helix-352609/zones/us-central1-a/instances/pgbouncer-vm",
            "instance_id": "5775987140798283928",
            "label_fingerprint": "42WmSpB8rSM=",
            "labels": null,
            "machine_type": "n1-standard-1",
            "metadata": {
              "cloud-sql-proxy-version": "1.28.0",
              "pgbouncer-version": "1.15.0"
            },
            "metadata_fingerprint": "oKdTDTS8Sec=",
            "metadata_startup_script": "# Install pgbouncer\nsudo apt-get update\nsudo apt-get install -y pgbouncer\n\n# Configure pgbouncer\nsudo cp /etc/pgbouncer/pgbouncer.ini /etc/pgbouncer/pgbouncer.ini.bak\nsudo sed -i 's/\\(^listen.*$\\)/;\\1\\\\nlisten_addr = 0.0.0.0/' /etc/pgbouncer/pgbouncer.ini\nsudo sed -i 's/\\(^auth_type.*$\\)/\\1\\\\nauth_user = admin\\\\nauth_password = admin@123/' /etc/pgbouncer/pgbouncer.ini\nsudo sed -i 's/\\(^.* = .*host=.*$\\)/;\\1\\\\nsapient-helix-352609:us-central1:pg-ha-6c8f5ad3 = host=/cloudsql/sapient-helix-352609:us-central1:pg-ha-6c8f5ad3 user=admin password=admin@123/' /etc/pgbouncer/pgbouncer.ini\n\n# Install Cloud SQL Proxy\ncurl -o cloud-sql-proxy https://storage.googleapis.com/cloud-sql-connectors/cloud-sql-proxy/v2.1.2/cloud-sql-proxy.linux.amd64\n\nchmod +x cloud-sql-proxy\n\n# Start Cloud SQL Proxy\n./cloud-sql-proxy -instances=sapient-helix-352609:us-central1:pg-ha-6c8f5ad3=tcp:5432 \u0026\n    \n# Start pgbouncer service\nsudo systemctl enable pgbouncer\nsudo systemctl start pgbouncer\n",
            "min_cpu_platform": "",
            "name": "pgbouncer-vm",
            "network_interface": [
              {
                "access_config": [
                  {
                    "nat_ip": "34.171.68.88",
                    "network_tier": "PREMIUM",
                    "public_ptr_domain_name": ""
                  }
                ],
                "alias_ip_range": [],
                "ipv6_access_config": [],
                "ipv6_access_type": "",
                "name": "nic0",
                "network": "https://www.googleapis.com/compute/v1/projects/sapient-helix-352609/global/networks/pgbouncer-network",
                "network_ip": "10.0.1.6",
                "nic_type": "",
                "stack_type": "IPV4_ONLY",
                "subnetwork": "https://www.googleapis.com/compute/v1/projects/sapient-helix-352609/regions/us-central1/subnetworks/us-central1-subnet",
                "subnetwork_project": "sapient-helix-352609"
              }
            ],
            "project": "sapient-helix-352609",
            "reservation_affinity": [],
            "resource_policies": null,
            "scheduling": [
              {
                "automatic_restart": true,
                "min_node_cpus": 0,
                "node_affinities": [],
                "on_host_maintenance": "MIGRATE",
                "preemptible": false
              }
            ],
            "scratch_disk": [],
            "self_link": "https://www.googleapis.com/compute/v1/projects/sapient-helix-352609/zones/us-central1-a/instances/pgbouncer-vm",
            "service_account": [
              {
                "email": "410099436063-compute@developer.gserviceaccount.com",
                "scopes": [
                  "https://www.googleapis.com/auth/cloud-platform"
                ]
              }
            ],
            "shielded_instance_config": [
              {
                "enable_integrity_monitoring": true,
                "enable_secure_boot": false,
                "enable_vtpm": true
              }
            ],
            "tags": [
              "pgbouncer"
            ],
            "tags_fingerprint": "Xc-hAhHDIL8=",
            "timeouts": null,
            "zone": "us-central1-a"
          },
          "sensitive_attributes": [],
          "private": "eyJlMmJmYjczMC1lY2FhLTExZTYtOGY4OC0zNDM2M2JjN2M0YzAiOnsiY3JlYXRlIjoxMjAwMDAwMDAwMDAwLCJkZWxldGUiOjEyMDAwMDAwMDAwMDAsInVwZGF0ZSI6MTIwMDAwMDAwMDAwMH0sInNjaGVtYV92ZXJzaW9uIjoiNiJ9",
          "dependencies": [
            "module.vpc_network.module.firewall_rules.google_compute_firewall.rules",
            "module.vpc_network.module.routes.google_compute_route.route",
            "module.vpc_network.module.subnets.google_compute_subnetwork.subnetwork",
            "module.vpc_network.module.vpc.google_compute_network.network",
            "module.vpc_network.module.vpc.google_compute_shared_vpc_host_project.shared_vpc_host"
          ]
        }
      ]
    },
    {
      "module": "module.vpc_network.module.subnets",
      "mode": "managed",
      "type": "google_compute_subnetwork",
      "name": "subnetwork",
      "provider": "provider[\"registry.terraform.io/hashicorp/google\"]",
      "instances": [
        {
          "index_key": "us-central1/us-central1-subnet",
          "schema_version": 0,
          "attributes": {
            "creation_timestamp": "2023-04-04T07:25:38.713-07:00",
            "description": "",
            "external_ipv6_prefix": "",
            "fingerprint": null,
            "gateway_address": "10.0.1.1",
            "id": "projects/sapient-helix-352609/regions/us-central1/subnetworks/us-central1-subnet",
            "ip_cidr_range": "10.0.1.0/24",
            "ipv6_access_type": "",
            "ipv6_cidr_range": "",
            "log_config": [],
            "name": "us-central1-subnet",
            "network": "https://www.googleapis.com/compute/v1/projects/sapient-helix-352609/global/networks/pgbouncer-network",
            "private_ip_google_access": true,
            "private_ipv6_google_access": "DISABLE_GOOGLE_ACCESS",
            "project": "sapient-helix-352609",
            "purpose": "PRIVATE",
            "region": "us-central1",
            "role": "",
            "secondary_ip_range": [
              {
                "ip_cidr_range": "10.100.1.128/25",
                "range_name": "us-central1-subnet"
              }
            ],
            "self_link": "https://www.googleapis.com/compute/v1/projects/sapient-helix-352609/regions/us-central1/subnetworks/us-central1-subnet",
            "stack_type": "IPV4_ONLY",
            "timeouts": null
          },
          "sensitive_attributes": [],
          "private": "eyJlMmJmYjczMC1lY2FhLTExZTYtOGY4OC0zNDM2M2JjN2M0YzAiOnsiY3JlYXRlIjozNjAwMDAwMDAwMDAsImRlbGV0ZSI6MzYwMDAwMDAwMDAwLCJ1cGRhdGUiOjM2MDAwMDAwMDAwMH19",
          "dependencies": [
            "module.vpc_network.module.vpc.google_compute_network.network"
          ]
        },
        {
          "index_key": "us-east1/us-east1-subnet",
          "schema_version": 0,
          "attributes": {
            "creation_timestamp": "2023-04-04T07:25:39.660-07:00",
            "description": "",
            "external_ipv6_prefix": "",
            "fingerprint": null,
            "gateway_address": "10.0.2.1",
            "id": "projects/sapient-helix-352609/regions/us-east1/subnetworks/us-east1-subnet",
            "ip_cidr_range": "10.0.2.0/24",
            "ipv6_access_type": "",
            "ipv6_cidr_range": "",
            "log_config": [],
            "name": "us-east1-subnet",
            "network": "https://www.googleapis.com/compute/v1/projects/sapient-helix-352609/global/networks/pgbouncer-network",
            "private_ip_google_access": true,
            "private_ipv6_google_access": "DISABLE_GOOGLE_ACCESS",
            "project": "sapient-helix-352609",
            "purpose": "PRIVATE",
            "region": "us-east1",
            "role": "",
            "secondary_ip_range": [
              {
                "ip_cidr_range": "10.100.2.128/25",
                "range_name": "us-east1-subnet"
              }
            ],
            "self_link": "https://www.googleapis.com/compute/v1/projects/sapient-helix-352609/regions/us-east1/subnetworks/us-east1-subnet",
            "stack_type": "IPV4_ONLY",
            "timeouts": null
          },
          "sensitive_attributes": [],
          "private": "eyJlMmJmYjczMC1lY2FhLTExZTYtOGY4OC0zNDM2M2JjN2M0YzAiOnsiY3JlYXRlIjozNjAwMDAwMDAwMDAsImRlbGV0ZSI6MzYwMDAwMDAwMDAwLCJ1cGRhdGUiOjM2MDAwMDAwMDAwMH19",
          "dependencies": [
            "module.vpc_network.module.vpc.google_compute_network.network"
          ]
        },
        {
          "index_key": "us-west1/us-west1-subnet",
          "schema_version": 0,
          "attributes": {
            "creation_timestamp": "2023-04-04T07:25:39.642-07:00",
            "description": "",
            "external_ipv6_prefix": "",
            "fingerprint": null,
            "gateway_address": "10.0.3.1",
            "id": "projects/sapient-helix-352609/regions/us-west1/subnetworks/us-west1-subnet",
            "ip_cidr_range": "10.0.3.0/24",
            "ipv6_access_type": "",
            "ipv6_cidr_range": "",
            "log_config": [],
            "name": "us-west1-subnet",
            "network": "https://www.googleapis.com/compute/v1/projects/sapient-helix-352609/global/networks/pgbouncer-network",
            "private_ip_google_access": true,
            "private_ipv6_google_access": "DISABLE_GOOGLE_ACCESS",
            "project": "sapient-helix-352609",
            "purpose": "PRIVATE",
            "region": "us-west1",
            "role": "",
            "secondary_ip_range": [
              {
                "ip_cidr_range": "10.100.3.128/25",
                "range_name": "us-west1-subnet"
              }
            ],
            "self_link": "https://www.googleapis.com/compute/v1/projects/sapient-helix-352609/regions/us-west1/subnetworks/us-west1-subnet",
            "stack_type": "IPV4_ONLY",
            "timeouts": null
          },
          "sensitive_attributes": [],
          "private": "eyJlMmJmYjczMC1lY2FhLTExZTYtOGY4OC0zNDM2M2JjN2M0YzAiOnsiY3JlYXRlIjozNjAwMDAwMDAwMDAsImRlbGV0ZSI6MzYwMDAwMDAwMDAwLCJ1cGRhdGUiOjM2MDAwMDAwMDAwMH19",
          "dependencies": [
            "module.vpc_network.module.vpc.google_compute_network.network"
          ]
        }
      ]
    },
    {
      "module": "module.vpc_network.module.vpc",
      "mode": "managed",
      "type": "google_compute_network",
      "name": "network",
      "provider": "provider[\"registry.terraform.io/hashicorp/google\"]",
      "instances": [
        {
          "schema_version": 0,
          "attributes": {
            "auto_create_subnetworks": false,
            "delete_default_routes_on_create": false,
            "description": "",
            "gateway_ipv4": "",
            "id": "projects/sapient-helix-352609/global/networks/pgbouncer-network",
            "mtu": 0,
            "name": "pgbouncer-network",
            "project": "sapient-helix-352609",
            "routing_mode": "GLOBAL",
            "self_link": "https://www.googleapis.com/compute/v1/projects/sapient-helix-352609/global/networks/pgbouncer-network",
            "timeouts": null
          },
          "sensitive_attributes": [],
          "private": "eyJlMmJmYjczMC1lY2FhLTExZTYtOGY4OC0zNDM2M2JjN2M0YzAiOnsiY3JlYXRlIjoyNDAwMDAwMDAwMDAsImRlbGV0ZSI6MjQwMDAwMDAwMDAwLCJ1cGRhdGUiOjI0MDAwMDAwMDAwMH19"
        }
      ]
    }
  ],
  "check_results": null
}
