{
  "version": 4,
  "terraform_version": "1.3.3",
  "serial": 53,
  "lineage": "11a64ac2-b9fc-516c-f0c3-a52996060466",
  "outputs": {},
  "resources": [
    {
      "mode": "data",
      "type": "cloudinit_config",
      "name": "cloud_config",
      "provider": "provider[\"registry.terraform.io/hashicorp/cloudinit\"]",
      "instances": [
        {
          "schema_version": 0,
          "attributes": {
            "base64_encode": false,
            "boundary": "MIMEBOUNDARY",
            "gzip": false,
            "id": "2124529816",
            "part": [
              {
                "content": "#cloud-config\n\nwrite_files:\n  - path: /run/user/pgbouncer.ini\n    permissions: \"0644\"\n    encoding: b64\n    content: W2RhdGFiYXNlc10KKiA9IGhvc3Q9c2FwaWVudC1oZWxpeC0zNTI2MDk6dXMtY2VudHJhbDE6cGctaGEtNmM4ZjVhZDMgcG9ydD01NDMyCgpbcGdib3VuY2VyXQpsaXN0ZW5fYWRkciA9IDAuMC4wLjAKbGlzdGVuX3BvcnQgPSA2NDMyCnVuaXhfc29ja2V0X2RpciA9CnVzZXIgPSBwb3N0Z3JlcwphdXRoX2ZpbGUgPSAvZXRjL3BnYm91bmNlci91c2VybGlzdC50eHQKYXV0aF90eXBlID0gbWQ1CgptYXhfZGJfY29ubmVjdGlvbnMgPSAwCm1heF9jbGllbnRfY29ubiA9IDAKcG9vbF9tb2RlID0gdHJhbnNhY3Rpb24KZGVmYXVsdF9wb29sX3NpemUgPSAyMAphZG1pbl91c2VycyA9IApzdGF0c191c2VycyA9IAppZ25vcmVfc3RhcnR1cF9wYXJhbWV0ZXJzID0gZXh0cmFfZmxvYXRfZGlnaXRzLCBvcHRpb25zCmFwcGxpY2F0aW9uX25hbWVfYWRkX2hvc3QgPSAxCg==\n  - path: /run/user/userlist.txt\n    permissions: \"0644\"\n    encoding: b64\n    content: ImFkbWluIiAibWQ1NmQyZjUwYzYwN2U4NDk3Y2FmMGYwM2Y1ODVkZmYwMWIiCiJ0ZXN0IiAibWQ1MDM2OTg1MDkzNzZhYWNjN2MyYzRjN2E4ZTRlNzdlYTIiCg==\n  - path: /etc/systemd/system/pgbouncer.service\n    permissions: \"0644\"\n    owner: root\n    content: |\n      [Unit]\n      Description=Start PgBouncer\n\n      [Service]\n      StandardOutput=file:/var/log/pgbouncer.log\n      StandardError=file:/var/log/pgbouncer.log\n      ExecStart=/usr/bin/docker run \\\n        --name pgbouncer \\\n        --restart always \\\n        -p 6432:6432 \\\n        -v /run/user/userlist.txt:/etc/pgbouncer/userlist.txt:ro \\\n        -v /run/user/pgbouncer.ini:/etc/pgbouncer/pgbouncer.ini:ro \\\n        edoburu/pgbouncer:latest\n      ExecStop=/usr/bin/docker stop pgbouncer\n      ExecStopPost=/usr/bin/docker rm pgbouncer\nruncmd:\n  - systemctl daemon-reload\n  - systemctl start pgbouncer.service\n",
                "content_type": "text/cloud-config",
                "filename": "cloud-init.yaml",
                "merge_type": null
              }
            ],
            "rendered": "Content-Type: multipart/mixed; boundary=\"MIMEBOUNDARY\"\nMIME-Version: 1.0\r\n\r\n--MIMEBOUNDARY\r\nContent-Disposition: attachment; filename=\"cloud-init.yaml\"\r\nContent-Transfer-Encoding: 7bit\r\nContent-Type: text/cloud-config\r\nMime-Version: 1.0\r\n\r\n#cloud-config\n\nwrite_files:\n  - path: /run/user/pgbouncer.ini\n    permissions: \"0644\"\n    encoding: b64\n    content: W2RhdGFiYXNlc10KKiA9IGhvc3Q9c2FwaWVudC1oZWxpeC0zNTI2MDk6dXMtY2VudHJhbDE6cGctaGEtNmM4ZjVhZDMgcG9ydD01NDMyCgpbcGdib3VuY2VyXQpsaXN0ZW5fYWRkciA9IDAuMC4wLjAKbGlzdGVuX3BvcnQgPSA2NDMyCnVuaXhfc29ja2V0X2RpciA9CnVzZXIgPSBwb3N0Z3JlcwphdXRoX2ZpbGUgPSAvZXRjL3BnYm91bmNlci91c2VybGlzdC50eHQKYXV0aF90eXBlID0gbWQ1CgptYXhfZGJfY29ubmVjdGlvbnMgPSAwCm1heF9jbGllbnRfY29ubiA9IDAKcG9vbF9tb2RlID0gdHJhbnNhY3Rpb24KZGVmYXVsdF9wb29sX3NpemUgPSAyMAphZG1pbl91c2VycyA9IApzdGF0c191c2VycyA9IAppZ25vcmVfc3RhcnR1cF9wYXJhbWV0ZXJzID0gZXh0cmFfZmxvYXRfZGlnaXRzLCBvcHRpb25zCmFwcGxpY2F0aW9uX25hbWVfYWRkX2hvc3QgPSAxCg==\n  - path: /run/user/userlist.txt\n    permissions: \"0644\"\n    encoding: b64\n    content: ImFkbWluIiAibWQ1NmQyZjUwYzYwN2U4NDk3Y2FmMGYwM2Y1ODVkZmYwMWIiCiJ0ZXN0IiAibWQ1MDM2OTg1MDkzNzZhYWNjN2MyYzRjN2E4ZTRlNzdlYTIiCg==\n  - path: /etc/systemd/system/pgbouncer.service\n    permissions: \"0644\"\n    owner: root\n    content: |\n      [Unit]\n      Description=Start PgBouncer\n\n      [Service]\n      StandardOutput=file:/var/log/pgbouncer.log\n      StandardError=file:/var/log/pgbouncer.log\n      ExecStart=/usr/bin/docker run \\\n        --name pgbouncer \\\n        --restart always \\\n        -p 6432:6432 \\\n        -v /run/user/userlist.txt:/etc/pgbouncer/userlist.txt:ro \\\n        -v /run/user/pgbouncer.ini:/etc/pgbouncer/pgbouncer.ini:ro \\\n        edoburu/pgbouncer:latest\n      ExecStop=/usr/bin/docker stop pgbouncer\n      ExecStopPost=/usr/bin/docker rm pgbouncer\nruncmd:\n  - systemctl daemon-reload\n  - systemctl start pgbouncer.service\n\r\n--MIMEBOUNDARY--\r\n"
          },
          "sensitive_attributes": []
        }
      ]
    },
    {
      "mode": "data",
      "type": "google_compute_image",
      "name": "boot",
      "provider": "provider[\"registry.terraform.io/hashicorp/google\"]",
      "instances": [
        {
          "schema_version": 0,
          "attributes": {
            "archive_size_bytes": 1377040512,
            "creation_timestamp": "2023-04-03T16:28:25.687-07:00",
            "description": "Google, Container-Optimized OS, 101-17162.127.53 LTS, Kernel: COS-5.15.89 Kubernetes: 1.23.10 Docker: 20.10.12 Family: cos-101-lts, supports Shielded VM features",
            "disk_size_gb": 10,
            "family": "cos-101-lts",
            "filter": null,
            "id": "projects/cos-cloud/global/images/cos-101-17162-127-53",
            "image_encryption_key_sha256": "",
            "image_id": "6144215814028845048",
            "label_fingerprint": "jsGB36O25Fs=",
            "labels": {
              "build_number": "17162-127-53",
              "milestone": "101"
            },
            "licenses": [
              "https://www.googleapis.com/compute/v1/projects/cos-cloud-shielded/global/licenses/shielded-cos",
              "https://www.googleapis.com/compute/v1/projects/cos-cloud/global/licenses/cos",
              "https://www.googleapis.com/compute/v1/projects/cos-cloud/global/licenses/cos-pcid"
            ],
            "name": "cos-101-17162-127-53",
            "project": "cos-cloud",
            "self_link": "https://www.googleapis.com/compute/v1/projects/cos-cloud/global/images/cos-101-17162-127-53",
            "source_disk": "",
            "source_disk_encryption_key_sha256": "",
            "source_disk_id": "",
            "source_image_id": "",
            "status": "READY"
          },
          "sensitive_attributes": []
        }
      ]
    },
    {
      "mode": "data",
      "type": "template_file",
      "name": "cloud_config",
      "provider": "provider[\"registry.terraform.io/hashicorp/template\"]",
      "instances": [
        {
          "schema_version": 0,
          "attributes": {
            "filename": null,
            "id": "aa973550fac31bb2035db2f91e8dd9a91e48910f1ba1efb31eb6f23aa77e0e72",
            "rendered": "#cloud-config\n\nwrite_files:\n  - path: /run/user/pgbouncer.ini\n    permissions: \"0644\"\n    encoding: b64\n    content: W2RhdGFiYXNlc10KKiA9IGhvc3Q9c2FwaWVudC1oZWxpeC0zNTI2MDk6dXMtY2VudHJhbDE6cGctaGEtNmM4ZjVhZDMgcG9ydD01NDMyCgpbcGdib3VuY2VyXQpsaXN0ZW5fYWRkciA9IDAuMC4wLjAKbGlzdGVuX3BvcnQgPSA2NDMyCnVuaXhfc29ja2V0X2RpciA9CnVzZXIgPSBwb3N0Z3JlcwphdXRoX2ZpbGUgPSAvZXRjL3BnYm91bmNlci91c2VybGlzdC50eHQKYXV0aF90eXBlID0gbWQ1CgptYXhfZGJfY29ubmVjdGlvbnMgPSAwCm1heF9jbGllbnRfY29ubiA9IDAKcG9vbF9tb2RlID0gdHJhbnNhY3Rpb24KZGVmYXVsdF9wb29sX3NpemUgPSAyMAphZG1pbl91c2VycyA9IApzdGF0c191c2VycyA9IAppZ25vcmVfc3RhcnR1cF9wYXJhbWV0ZXJzID0gZXh0cmFfZmxvYXRfZGlnaXRzLCBvcHRpb25zCmFwcGxpY2F0aW9uX25hbWVfYWRkX2hvc3QgPSAxCg==\n  - path: /run/user/userlist.txt\n    permissions: \"0644\"\n    encoding: b64\n    content: ImFkbWluIiAibWQ1NmQyZjUwYzYwN2U4NDk3Y2FmMGYwM2Y1ODVkZmYwMWIiCiJ0ZXN0IiAibWQ1MDM2OTg1MDkzNzZhYWNjN2MyYzRjN2E4ZTRlNzdlYTIiCg==\n  - path: /etc/systemd/system/pgbouncer.service\n    permissions: \"0644\"\n    owner: root\n    content: |\n      [Unit]\n      Description=Start PgBouncer\n\n      [Service]\n      StandardOutput=file:/var/log/pgbouncer.log\n      StandardError=file:/var/log/pgbouncer.log\n      ExecStart=/usr/bin/docker run \\\n        --name pgbouncer \\\n        --restart always \\\n        -p 6432:6432 \\\n        -v /run/user/userlist.txt:/etc/pgbouncer/userlist.txt:ro \\\n        -v /run/user/pgbouncer.ini:/etc/pgbouncer/pgbouncer.ini:ro \\\n        edoburu/pgbouncer:latest\n      ExecStop=/usr/bin/docker stop pgbouncer\n      ExecStopPost=/usr/bin/docker rm pgbouncer\nruncmd:\n  - systemctl daemon-reload\n  - systemctl start pgbouncer.service\n",
            "template": "#cloud-config\n\nwrite_files:\n  - path: /run/user/pgbouncer.ini\n    permissions: \"0644\"\n    encoding: b64\n    content: ${config}\n  - path: /run/user/userlist.txt\n    permissions: \"0644\"\n    encoding: b64\n    content: ${userlist}\n  - path: /etc/systemd/system/pgbouncer.service\n    permissions: \"0644\"\n    owner: root\n    content: |\n      [Unit]\n      Description=Start PgBouncer\n\n      [Service]\n      StandardOutput=file:/var/log/pgbouncer.log\n      StandardError=file:/var/log/pgbouncer.log\n      ExecStart=/usr/bin/docker run \\\n        --name pgbouncer \\\n        --restart always \\\n        -p ${listen_port}:${listen_port} \\\n        -v /run/user/userlist.txt:/etc/pgbouncer/userlist.txt:ro \\\n        -v /run/user/pgbouncer.ini:/etc/pgbouncer/pgbouncer.ini:ro \\\n        ${image}\n      ExecStop=/usr/bin/docker stop pgbouncer\n      ExecStopPost=/usr/bin/docker rm pgbouncer\nruncmd:\n  - systemctl daemon-reload\n  - systemctl start pgbouncer.service\n",
            "vars": {
              "config": "W2RhdGFiYXNlc10KKiA9IGhvc3Q9c2FwaWVudC1oZWxpeC0zNTI2MDk6dXMtY2VudHJhbDE6cGctaGEtNmM4ZjVhZDMgcG9ydD01NDMyCgpbcGdib3VuY2VyXQpsaXN0ZW5fYWRkciA9IDAuMC4wLjAKbGlzdGVuX3BvcnQgPSA2NDMyCnVuaXhfc29ja2V0X2RpciA9CnVzZXIgPSBwb3N0Z3JlcwphdXRoX2ZpbGUgPSAvZXRjL3BnYm91bmNlci91c2VybGlzdC50eHQKYXV0aF90eXBlID0gbWQ1CgptYXhfZGJfY29ubmVjdGlvbnMgPSAwCm1heF9jbGllbnRfY29ubiA9IDAKcG9vbF9tb2RlID0gdHJhbnNhY3Rpb24KZGVmYXVsdF9wb29sX3NpemUgPSAyMAphZG1pbl91c2VycyA9IApzdGF0c191c2VycyA9IAppZ25vcmVfc3RhcnR1cF9wYXJhbWV0ZXJzID0gZXh0cmFfZmxvYXRfZGlnaXRzLCBvcHRpb25zCmFwcGxpY2F0aW9uX25hbWVfYWRkX2hvc3QgPSAxCg==",
              "image": "edoburu/pgbouncer:latest",
              "listen_port": "6432",
              "userlist": "ImFkbWluIiAibWQ1NmQyZjUwYzYwN2U4NDk3Y2FmMGYwM2Y1ODVkZmYwMWIiCiJ0ZXN0IiAibWQ1MDM2OTg1MDkzNzZhYWNjN2MyYzRjN2E4ZTRlNzdlYTIiCg=="
            }
          },
          "sensitive_attributes": []
        }
      ]
    },
    {
      "mode": "managed",
      "type": "google_compute_firewall",
      "name": "pgbouncer_ssh",
      "provider": "provider[\"registry.terraform.io/hashicorp/google\"]",
      "instances": [
        {
          "schema_version": 1,
          "attributes": {
            "allow": [
              {
                "ports": [
                  "22"
                ],
                "protocol": "tcp"
              },
              {
                "ports": [
                  "6432"
                ],
                "protocol": "tcp"
              }
            ],
            "creation_timestamp": "2023-04-10T01:50:50.702-07:00",
            "deny": [],
            "description": "",
            "destination_ranges": [],
            "direction": "INGRESS",
            "disabled": false,
            "enable_logging": null,
            "id": "projects/sapient-helix-352609/global/firewalls/pgbouncer",
            "log_config": [],
            "name": "pgbouncer",
            "network": "https://www.googleapis.com/compute/v1/projects/sapient-helix-352609/global/networks/pgbouncer-network",
            "priority": 1000,
            "project": "sapient-helix-352609",
            "self_link": "https://www.googleapis.com/compute/v1/projects/sapient-helix-352609/global/firewalls/pgbouncer",
            "source_ranges": [
              "0.0.0.0/0"
            ],
            "source_service_accounts": [],
            "source_tags": [],
            "target_service_accounts": [],
            "target_tags": [
              "pgbouncer"
            ],
            "timeouts": null
          },
          "sensitive_attributes": [],
          "private": "eyJlMmJmYjczMC1lY2FhLTExZTYtOGY4OC0zNDM2M2JjN2M0YzAiOnsiY3JlYXRlIjoxMjAwMDAwMDAwMDAwLCJkZWxldGUiOjEyMDAwMDAwMDAwMDAsInVwZGF0ZSI6MTIwMDAwMDAwMDAwMH0sInNjaGVtYV92ZXJzaW9uIjoiMSJ9",
          "dependencies": [
            "module.vpc_network.module.vpc.google_compute_network.network"
          ]
        }
      ]
    },
    {
      "mode": "managed",
      "type": "google_compute_instance",
      "name": "pgbouncer_instance",
      "provider": "provider[\"registry.terraform.io/hashicorp/google\"]",
      "instances": [
        {
          "schema_version": 6,
          "attributes": {
            "advanced_machine_features": [],
            "allow_stopping_for_update": true,
            "attached_disk": [],
            "boot_disk": [
              {
                "auto_delete": true,
                "device_name": "persistent-disk-0",
                "disk_encryption_key_raw": "",
                "disk_encryption_key_sha256": "",
                "initialize_params": [
                  {
                    "image": "https://www.googleapis.com/compute/v1/projects/cos-cloud/global/images/cos-101-17162-127-53",
                    "labels": {},
                    "size": 10,
                    "type": "pd-standard"
                  }
                ],
                "kms_key_self_link": "",
                "mode": "READ_WRITE",
                "source": "https://www.googleapis.com/compute/v1/projects/sapient-helix-352609/zones/us-central1-a/disks/pgbouncer-vm"
              }
            ],
            "can_ip_forward": false,
            "confidential_instance_config": [],
            "cpu_platform": "Intel Haswell",
            "current_status": "RUNNING",
            "deletion_protection": false,
            "description": "",
            "desired_status": null,
            "enable_display": false,
            "guest_accelerator": [],
            "hostname": "",
            "id": "projects/sapient-helix-352609/zones/us-central1-a/instances/pgbouncer-vm",
            "instance_id": "6655886838644763783",
            "label_fingerprint": "42WmSpB8rSM=",
            "labels": null,
            "machine_type": "n1-standard-1",
            "metadata": {
              "cloud-sql-proxy-version": "1.28.0",
              "pgbouncer-version": "1.15.0",
              "user-data": "Content-Type: multipart/mixed; boundary=\"MIMEBOUNDARY\"\nMIME-Version: 1.0\r\n\r\n--MIMEBOUNDARY\r\nContent-Disposition: attachment; filename=\"cloud-init.yaml\"\r\nContent-Transfer-Encoding: 7bit\r\nContent-Type: text/cloud-config\r\nMime-Version: 1.0\r\n\r\n#cloud-config\n\nwrite_files:\n  - path: /run/user/pgbouncer.ini\n    permissions: \"0644\"\n    encoding: b64\n    content: W2RhdGFiYXNlc10KKiA9IGhvc3Q9c2FwaWVudC1oZWxpeC0zNTI2MDk6dXMtY2VudHJhbDE6cGctaGEtNmM4ZjVhZDMgcG9ydD01NDMyCgpbcGdib3VuY2VyXQpsaXN0ZW5fYWRkciA9IDAuMC4wLjAKbGlzdGVuX3BvcnQgPSA2NDMyCnVuaXhfc29ja2V0X2RpciA9CnVzZXIgPSBwb3N0Z3JlcwphdXRoX2ZpbGUgPSAvZXRjL3BnYm91bmNlci91c2VybGlzdC50eHQKYXV0aF90eXBlID0gbWQ1CgptYXhfZGJfY29ubmVjdGlvbnMgPSAwCm1heF9jbGllbnRfY29ubiA9IDAKcG9vbF9tb2RlID0gdHJhbnNhY3Rpb24KZGVmYXVsdF9wb29sX3NpemUgPSAyMAphZG1pbl91c2VycyA9IApzdGF0c191c2VycyA9IAppZ25vcmVfc3RhcnR1cF9wYXJhbWV0ZXJzID0gZXh0cmFfZmxvYXRfZGlnaXRzLCBvcHRpb25zCmFwcGxpY2F0aW9uX25hbWVfYWRkX2hvc3QgPSAxCg==\n  - path: /run/user/userlist.txt\n    permissions: \"0644\"\n    encoding: b64\n    content: ImFkbWluIiAibWQ1NmQyZjUwYzYwN2U4NDk3Y2FmMGYwM2Y1ODVkZmYwMWIiCiJ0ZXN0IiAibWQ1MDM2OTg1MDkzNzZhYWNjN2MyYzRjN2E4ZTRlNzdlYTIiCg==\n  - path: /etc/systemd/system/pgbouncer.service\n    permissions: \"0644\"\n    owner: root\n    content: |\n      [Unit]\n      Description=Start PgBouncer\n\n      [Service]\n      StandardOutput=file:/var/log/pgbouncer.log\n      StandardError=file:/var/log/pgbouncer.log\n      ExecStart=/usr/bin/docker run \\\n        --name pgbouncer \\\n        --restart always \\\n        -p 6432:6432 \\\n        -v /run/user/userlist.txt:/etc/pgbouncer/userlist.txt:ro \\\n        -v /run/user/pgbouncer.ini:/etc/pgbouncer/pgbouncer.ini:ro \\\n        edoburu/pgbouncer:latest\n      ExecStop=/usr/bin/docker stop pgbouncer\n      ExecStopPost=/usr/bin/docker rm pgbouncer\nruncmd:\n  - systemctl daemon-reload\n  - systemctl start pgbouncer.service\n\r\n--MIMEBOUNDARY--\r\n"
            },
            "metadata_fingerprint": "KuGxcxwbdOs=",
            "metadata_startup_script": null,
            "min_cpu_platform": "",
            "name": "pgbouncer-vm",
            "network_interface": [
              {
                "access_config": [
                  {
                    "nat_ip": "34.68.164.5",
                    "network_tier": "PREMIUM",
                    "public_ptr_domain_name": ""
                  }
                ],
                "alias_ip_range": [],
                "ipv6_access_config": [],
                "ipv6_access_type": "",
                "name": "nic0",
                "network": "https://www.googleapis.com/compute/v1/projects/sapient-helix-352609/global/networks/pgbouncer-network",
                "network_ip": "10.0.1.3",
                "nic_type": "",
                "queue_count": 0,
                "stack_type": "IPV4_ONLY",
                "subnetwork": "https://www.googleapis.com/compute/v1/projects/sapient-helix-352609/regions/us-central1/subnetworks/us-central1-subnet",
                "subnetwork_project": "sapient-helix-352609"
              }
            ],
            "project": "sapient-helix-352609",
            "reservation_affinity": [],
            "resource_policies": null,
            "scheduling": [
              {
                "automatic_restart": true,
                "instance_termination_action": "",
                "min_node_cpus": 0,
                "node_affinities": [],
                "on_host_maintenance": "MIGRATE",
                "preemptible": false,
                "provisioning_model": "STANDARD"
              }
            ],
            "scratch_disk": [],
            "self_link": "https://www.googleapis.com/compute/v1/projects/sapient-helix-352609/zones/us-central1-a/instances/pgbouncer-vm",
            "service_account": [
              {
                "email": "410099436063-compute@developer.gserviceaccount.com",
                "scopes": [
                  "https://www.googleapis.com/auth/cloud-platform"
                ]
              }
            ],
            "shielded_instance_config": [
              {
                "enable_integrity_monitoring": true,
                "enable_secure_boot": false,
                "enable_vtpm": true
              }
            ],
            "tags": [
              "pgbouncer"
            ],
            "tags_fingerprint": "Xc-hAhHDIL8=",
            "timeouts": null,
            "zone": "us-central1-a"
          },
          "sensitive_attributes": [],
          "private": "eyJlMmJmYjczMC1lY2FhLTExZTYtOGY4OC0zNDM2M2JjN2M0YzAiOnsiY3JlYXRlIjoxMjAwMDAwMDAwMDAwLCJkZWxldGUiOjEyMDAwMDAwMDAwMDAsInVwZGF0ZSI6MTIwMDAwMDAwMDAwMH0sInNjaGVtYV92ZXJzaW9uIjoiNiJ9",
          "dependencies": [
            "data.cloudinit_config.cloud_config",
            "data.google_compute_image.boot",
            "module.vpc_network.module.firewall_rules.google_compute_firewall.rules",
            "module.vpc_network.module.routes.google_compute_route.route",
            "module.vpc_network.module.subnets.google_compute_subnetwork.subnetwork",
            "module.vpc_network.module.vpc.google_compute_network.network",
            "module.vpc_network.module.vpc.google_compute_shared_vpc_host_project.shared_vpc_host"
          ]
        }
      ]
    },
    {
      "module": "module.vpc_network.module.subnets",
      "mode": "managed",
      "type": "google_compute_subnetwork",
      "name": "subnetwork",
      "provider": "provider[\"registry.terraform.io/hashicorp/google\"]",
      "instances": [
        {
          "index_key": "us-central1/us-central1-subnet",
          "schema_version": 0,
          "attributes": {
            "creation_timestamp": "2023-04-10T01:50:50.792-07:00",
            "description": "",
            "external_ipv6_prefix": "",
            "fingerprint": null,
            "gateway_address": "10.0.1.1",
            "id": "projects/sapient-helix-352609/regions/us-central1/subnetworks/us-central1-subnet",
            "ip_cidr_range": "10.0.1.0/24",
            "ipv6_access_type": "",
            "ipv6_cidr_range": "",
            "log_config": [],
            "name": "us-central1-subnet",
            "network": "https://www.googleapis.com/compute/v1/projects/sapient-helix-352609/global/networks/pgbouncer-network",
            "private_ip_google_access": true,
            "private_ipv6_google_access": "DISABLE_GOOGLE_ACCESS",
            "project": "sapient-helix-352609",
            "purpose": "PRIVATE",
            "region": "us-central1",
            "role": "",
            "secondary_ip_range": [
              {
                "ip_cidr_range": "10.100.1.128/25",
                "range_name": "us-central1-subnet"
              }
            ],
            "self_link": "https://www.googleapis.com/compute/v1/projects/sapient-helix-352609/regions/us-central1/subnetworks/us-central1-subnet",
            "stack_type": "IPV4_ONLY",
            "timeouts": null
          },
          "sensitive_attributes": [],
          "private": "eyJlMmJmYjczMC1lY2FhLTExZTYtOGY4OC0zNDM2M2JjN2M0YzAiOnsiY3JlYXRlIjoxMjAwMDAwMDAwMDAwLCJkZWxldGUiOjEyMDAwMDAwMDAwMDAsInVwZGF0ZSI6MTIwMDAwMDAwMDAwMH19",
          "dependencies": [
            "module.vpc_network.module.vpc.google_compute_network.network"
          ]
        },
        {
          "index_key": "us-east1/us-east1-subnet",
          "schema_version": 0,
          "attributes": {
            "creation_timestamp": "2023-04-10T01:50:52.111-07:00",
            "description": "",
            "external_ipv6_prefix": "",
            "fingerprint": null,
            "gateway_address": "10.0.2.1",
            "id": "projects/sapient-helix-352609/regions/us-east1/subnetworks/us-east1-subnet",
            "ip_cidr_range": "10.0.2.0/24",
            "ipv6_access_type": "",
            "ipv6_cidr_range": "",
            "log_config": [],
            "name": "us-east1-subnet",
            "network": "https://www.googleapis.com/compute/v1/projects/sapient-helix-352609/global/networks/pgbouncer-network",
            "private_ip_google_access": true,
            "private_ipv6_google_access": "DISABLE_GOOGLE_ACCESS",
            "project": "sapient-helix-352609",
            "purpose": "PRIVATE",
            "region": "us-east1",
            "role": "",
            "secondary_ip_range": [
              {
                "ip_cidr_range": "10.100.2.128/25",
                "range_name": "us-east1-subnet"
              }
            ],
            "self_link": "https://www.googleapis.com/compute/v1/projects/sapient-helix-352609/regions/us-east1/subnetworks/us-east1-subnet",
            "stack_type": "IPV4_ONLY",
            "timeouts": null
          },
          "sensitive_attributes": [],
          "private": "eyJlMmJmYjczMC1lY2FhLTExZTYtOGY4OC0zNDM2M2JjN2M0YzAiOnsiY3JlYXRlIjoxMjAwMDAwMDAwMDAwLCJkZWxldGUiOjEyMDAwMDAwMDAwMDAsInVwZGF0ZSI6MTIwMDAwMDAwMDAwMH19",
          "dependencies": [
            "module.vpc_network.module.vpc.google_compute_network.network"
          ]
        },
        {
          "index_key": "us-west1/us-west1-subnet",
          "schema_version": 0,
          "attributes": {
            "creation_timestamp": "2023-04-10T01:50:52.193-07:00",
            "description": "",
            "external_ipv6_prefix": "",
            "fingerprint": null,
            "gateway_address": "10.0.3.1",
            "id": "projects/sapient-helix-352609/regions/us-west1/subnetworks/us-west1-subnet",
            "ip_cidr_range": "10.0.3.0/24",
            "ipv6_access_type": "",
            "ipv6_cidr_range": "",
            "log_config": [],
            "name": "us-west1-subnet",
            "network": "https://www.googleapis.com/compute/v1/projects/sapient-helix-352609/global/networks/pgbouncer-network",
            "private_ip_google_access": true,
            "private_ipv6_google_access": "DISABLE_GOOGLE_ACCESS",
            "project": "sapient-helix-352609",
            "purpose": "PRIVATE",
            "region": "us-west1",
            "role": "",
            "secondary_ip_range": [
              {
                "ip_cidr_range": "10.100.3.128/25",
                "range_name": "us-west1-subnet"
              }
            ],
            "self_link": "https://www.googleapis.com/compute/v1/projects/sapient-helix-352609/regions/us-west1/subnetworks/us-west1-subnet",
            "stack_type": "IPV4_ONLY",
            "timeouts": null
          },
          "sensitive_attributes": [],
          "private": "eyJlMmJmYjczMC1lY2FhLTExZTYtOGY4OC0zNDM2M2JjN2M0YzAiOnsiY3JlYXRlIjoxMjAwMDAwMDAwMDAwLCJkZWxldGUiOjEyMDAwMDAwMDAwMDAsInVwZGF0ZSI6MTIwMDAwMDAwMDAwMH19",
          "dependencies": [
            "module.vpc_network.module.vpc.google_compute_network.network"
          ]
        }
      ]
    },
    {
      "module": "module.vpc_network.module.vpc",
      "mode": "managed",
      "type": "google_compute_network",
      "name": "network",
      "provider": "provider[\"registry.terraform.io/hashicorp/google\"]",
      "instances": [
        {
          "schema_version": 0,
          "attributes": {
            "auto_create_subnetworks": false,
            "delete_default_routes_on_create": false,
            "description": "",
            "enable_ula_internal_ipv6": false,
            "gateway_ipv4": "",
            "id": "projects/sapient-helix-352609/global/networks/pgbouncer-network",
            "internal_ipv6_range": "",
            "mtu": 0,
            "name": "pgbouncer-network",
            "network_firewall_policy_enforcement_order": "AFTER_CLASSIC_FIREWALL",
            "project": "sapient-helix-352609",
            "routing_mode": "GLOBAL",
            "self_link": "https://www.googleapis.com/compute/v1/projects/sapient-helix-352609/global/networks/pgbouncer-network",
            "timeouts": null
          },
          "sensitive_attributes": [],
          "private": "eyJlMmJmYjczMC1lY2FhLTExZTYtOGY4OC0zNDM2M2JjN2M0YzAiOnsiY3JlYXRlIjoxMjAwMDAwMDAwMDAwLCJkZWxldGUiOjEyMDAwMDAwMDAwMDAsInVwZGF0ZSI6MTIwMDAwMDAwMDAwMH19"
        }
      ]
    }
  ],
  "check_results": []
}
