{
  "version": 4,
  "terraform_version": "1.3.3",
  "serial": 687,
  "lineage": "edaf0b90-09ec-0b69-eab7-33e10cdabc4d",
  "outputs": {
    "PgBouncer": {
      "value": "pgbouncer-instance-dc267519cd",
      "type": "string"
    },
    "db_connection_name": {
      "value": "sapient-helix-352609:us-central1:db-pgbouncer-dc267519cd",
      "type": "string"
    },
    "master_instance_ip": {
      "value": "10.37.0.2",
      "type": "string"
    },
    "read_replica_connection_name": {
      "value": [
        "sapient-helix-352609:us-central1:db-pgbouncer-dc267519cd-replica-dc267519cd"
      ],
      "type": [
        "tuple",
        [
          "string"
        ]
      ]
    },
    "read_replica_instance_ip": {
      "value": [
        [
          {
            "ip_address": "10.37.0.6",
            "time_to_retire": "",
            "type": "PRIVATE"
          }
        ]
      ],
      "type": [
        "tuple",
        [
          [
            "list",
            [
              "object",
              {
                "ip_address": "string",
                "time_to_retire": "string",
                "type": "string"
              }
            ]
          ]
        ]
      ]
    }
  },
  "resources": [
    {
      "mode": "data",
      "type": "google_compute_image",
      "name": "boot",
      "provider": "provider[\"registry.terraform.io/hashicorp/google\"]",
      "instances": [
        {
          "schema_version": 0,
          "attributes": {
            "archive_size_bytes": 1339953216,
            "creation_timestamp": "2023-04-10T11:23:21.344-07:00",
            "description": "Google, Container-Optimized OS, 101-17162.127.57 LTS, Kernel: COS-5.15.89 Kubernetes: 1.23.10 Docker: 20.10.12 Family: cos-101-lts, supports Shielded VM features",
            "disk_size_gb": 10,
            "family": "cos-101-lts",
            "filter": null,
            "id": "projects/cos-cloud/global/images/cos-101-17162-127-57",
            "image_encryption_key_sha256": "",
            "image_id": "2354532612742703863",
            "label_fingerprint": "GMPAqaYRZaE=",
            "labels": {
              "build_number": "17162-127-57",
              "milestone": "101"
            },
            "licenses": [
              "https://www.googleapis.com/compute/v1/projects/cos-cloud/global/licenses/cos",
              "https://www.googleapis.com/compute/v1/projects/cos-cloud/global/licenses/cos-pcid",
              "https://www.googleapis.com/compute/v1/projects/cos-cloud-shielded/global/licenses/shielded-cos"
            ],
            "name": "cos-101-17162-127-57",
            "project": "cos-cloud",
            "self_link": "https://www.googleapis.com/compute/v1/projects/cos-cloud/global/images/cos-101-17162-127-57",
            "source_disk": "",
            "source_disk_encryption_key_sha256": "",
            "source_disk_id": "",
            "source_image_id": "",
            "status": "READY"
          },
          "sensitive_attributes": []
        }
      ]
    },
    {
      "mode": "data",
      "type": "google_compute_network",
      "name": "network",
      "provider": "provider[\"registry.terraform.io/hashicorp/google\"]",
      "instances": [
        {
          "schema_version": 0,
          "attributes": {
            "description": "",
            "gateway_ipv4": "",
            "id": "projects/sapient-helix-352609/global/networks/pgbouncer-network",
            "name": "pgbouncer-network",
            "project": "sapient-helix-352609",
            "self_link": "https://www.googleapis.com/compute/v1/projects/sapient-helix-352609/global/networks/pgbouncer-network",
            "subnetworks_self_links": [
              "https://www.googleapis.com/compute/v1/projects/sapient-helix-352609/regions/us-west1/subnetworks/us-west1-subnet",
              "https://www.googleapis.com/compute/v1/projects/sapient-helix-352609/regions/us-central1/subnetworks/us-central1-subnet",
              "https://www.googleapis.com/compute/v1/projects/sapient-helix-352609/regions/us-east1/subnetworks/us-east1-subnet"
            ]
          },
          "sensitive_attributes": []
        }
      ]
    },
    {
      "mode": "data",
      "type": "template_cloudinit_config",
      "name": "cloud_config",
      "provider": "provider[\"registry.terraform.io/hashicorp/template\"]",
      "instances": [
        {
          "schema_version": 0,
          "attributes": {
            "base64_encode": false,
            "gzip": false,
            "id": "1417577909",
            "part": [
              {
                "content": "#cloud-config\n\nwrite_files:\n  - path: /run/user/pgbouncer.ini\n    permissions: \"0644\"\n    encoding: b64\n    content: W2RhdGFiYXNlc10KKiA9IGhvc3Q9Y2xvdWRzcWwtcHJveHkgcG9ydD01NDMyCgpbcGdib3VuY2VyXQpsaXN0ZW5fYWRkciA9IDAuMC4wLjAKbGlzdGVuX3BvcnQgPSA2NDMyCnVuaXhfc29ja2V0X2RpciA9CnVzZXIgPSBwb3N0Z3JlcwphdXRoX2ZpbGUgPSAvZXRjL3BnYm91bmNlci91c2VybGlzdC50eHQKYXV0aF90eXBlID0gbWQ1CgptYXhfZGJfY29ubmVjdGlvbnMgPSAxMDAKbWF4X2NsaWVudF9jb25uID0gMTAwCnBvb2xfbW9kZSA9IHRyYW5zYWN0aW9uCmRlZmF1bHRfcG9vbF9zaXplID0gMjAKYWRtaW5fdXNlcnMgPSAKc3RhdHNfdXNlcnMgPSAKaWdub3JlX3N0YXJ0dXBfcGFyYW1ldGVycyA9IGV4dHJhX2Zsb2F0X2RpZ2l0cywgb3B0aW9ucwphcHBsaWNhdGlvbl9uYW1lX2FkZF9ob3N0ID0gMQo=\n  - path: /run/user/userlist.txt\n    permissions: \"0644\"\n    encoding: b64\n    content: ImFkbWluIiAibWQ1NmQyZjUwYzYwN2U4NDk3Y2FmMGYwM2Y1ODVkZmYwMWIiCiJ0ZXN0IiAibWQ1MDM2OTg1MDkzNzZhYWNjN2MyYzRjN2E4ZTRlNzdlYTIiCg==\n  - path: /etc/systemd/system/cloudsql-proxy.service\n    permissions: \"0644\"\n    owner: root\n    content: |\n      [Unit]\n      Type=oneshot\n      Description=Cloud SQL Proxy\n      After=docker.service\n\n      [Service]\n      StandardOutput=/var/log/cloudsql-proxy.log\n      StandardError=/var/log/cloudsql-proxy.log\n      ExecStartPre=/usr/bin/docker network create cloudsql-pgbouncer\n      ExecStart=/usr/bin/docker run --name cloudsql-proxy --detach --restart always \\\n        --network cloudsql-pgbouncer \\\n        -p 5432:5432 \\\n        gcr.io/cloud-sql-connectors/cloud-sql-proxy:2.1.2 sapient-helix-352609:us-central1:db-pgbouncer-dc267519cd sapient-helix-352609:us-central1:db-pgbouncer-dc267519cd-replica-dc267519cd --address 0.0.0.0\n      ExecStop=/usr/bin/docker stop cloudsql-proxy\n      ExecStopPost=/usr/bin/docker rm cloudsql-proxy\n      RemainAfterExit=yes\n      [Install]\n      WantedBy=multi-user.target\n  - path: /etc/systemd/system/pgbouncer.service\n    permissions: \"0644\"\n    owner: root\n    content: |\n      [Unit]\n      Type=oneshot\n      Description=Start PgBouncer\n      After=docker.service\n      After=cloudsql-proxy.service\n\n      [Service]\n      StandardOutput=/var/log/pgbouncer.log\n      StandardError=/var/log/pgbouncer.log\n      ExecStart=/usr/bin/docker run \\\n        --name pgbouncer \\\n        --restart always \\\n        --detach \\\n        --network cloudsql-pgbouncer \\\n        -p 6432:6432 \\\n        -v /run/user/userlist.txt:/etc/pgbouncer/userlist.txt:ro \\\n        -v /run/user/pgbouncer.ini:/etc/pgbouncer/pgbouncer.ini:ro \\\n        edoburu/pgbouncer:latest\n      ExecStop=/usr/bin/docker stop pgbouncer\n      ExecStopPost=/usr/bin/docker rm pgbouncer\n      RemainAfterExit=yes\n      [Install]\n      WantedBy=multi-user.target\nruncmd:\n  - systemctl daemon-reload\n  - systemctl enable cloudsql-proxy.service\n  - systemctl enable pgbouncer.service\n  - systemctl start cloudsql-proxy.service\n  - systemctl start pgbouncer.service\n  \n",
                "content_type": "text/cloud-config",
                "filename": "cloud-init.yaml",
                "merge_type": ""
              }
            ],
            "rendered": "Content-Type: multipart/mixed; boundary=\"MIMEBOUNDARY\"\nMIME-Version: 1.0\r\n\r\n--MIMEBOUNDARY\r\nContent-Disposition: attachment; filename=\"cloud-init.yaml\"\r\nContent-Transfer-Encoding: 7bit\r\nContent-Type: text/cloud-config\r\nMime-Version: 1.0\r\n\r\n#cloud-config\n\nwrite_files:\n  - path: /run/user/pgbouncer.ini\n    permissions: \"0644\"\n    encoding: b64\n    content: W2RhdGFiYXNlc10KKiA9IGhvc3Q9Y2xvdWRzcWwtcHJveHkgcG9ydD01NDMyCgpbcGdib3VuY2VyXQpsaXN0ZW5fYWRkciA9IDAuMC4wLjAKbGlzdGVuX3BvcnQgPSA2NDMyCnVuaXhfc29ja2V0X2RpciA9CnVzZXIgPSBwb3N0Z3JlcwphdXRoX2ZpbGUgPSAvZXRjL3BnYm91bmNlci91c2VybGlzdC50eHQKYXV0aF90eXBlID0gbWQ1CgptYXhfZGJfY29ubmVjdGlvbnMgPSAxMDAKbWF4X2NsaWVudF9jb25uID0gMTAwCnBvb2xfbW9kZSA9IHRyYW5zYWN0aW9uCmRlZmF1bHRfcG9vbF9zaXplID0gMjAKYWRtaW5fdXNlcnMgPSAKc3RhdHNfdXNlcnMgPSAKaWdub3JlX3N0YXJ0dXBfcGFyYW1ldGVycyA9IGV4dHJhX2Zsb2F0X2RpZ2l0cywgb3B0aW9ucwphcHBsaWNhdGlvbl9uYW1lX2FkZF9ob3N0ID0gMQo=\n  - path: /run/user/userlist.txt\n    permissions: \"0644\"\n    encoding: b64\n    content: ImFkbWluIiAibWQ1NmQyZjUwYzYwN2U4NDk3Y2FmMGYwM2Y1ODVkZmYwMWIiCiJ0ZXN0IiAibWQ1MDM2OTg1MDkzNzZhYWNjN2MyYzRjN2E4ZTRlNzdlYTIiCg==\n  - path: /etc/systemd/system/cloudsql-proxy.service\n    permissions: \"0644\"\n    owner: root\n    content: |\n      [Unit]\n      Type=oneshot\n      Description=Cloud SQL Proxy\n      After=docker.service\n\n      [Service]\n      StandardOutput=/var/log/cloudsql-proxy.log\n      StandardError=/var/log/cloudsql-proxy.log\n      ExecStartPre=/usr/bin/docker network create cloudsql-pgbouncer\n      ExecStart=/usr/bin/docker run --name cloudsql-proxy --detach --restart always \\\n        --network cloudsql-pgbouncer \\\n        -p 5432:5432 \\\n        gcr.io/cloud-sql-connectors/cloud-sql-proxy:2.1.2 sapient-helix-352609:us-central1:db-pgbouncer-dc267519cd sapient-helix-352609:us-central1:db-pgbouncer-dc267519cd-replica-dc267519cd --address 0.0.0.0\n      ExecStop=/usr/bin/docker stop cloudsql-proxy\n      ExecStopPost=/usr/bin/docker rm cloudsql-proxy\n      RemainAfterExit=yes\n      [Install]\n      WantedBy=multi-user.target\n  - path: /etc/systemd/system/pgbouncer.service\n    permissions: \"0644\"\n    owner: root\n    content: |\n      [Unit]\n      Type=oneshot\n      Description=Start PgBouncer\n      After=docker.service\n      After=cloudsql-proxy.service\n\n      [Service]\n      StandardOutput=/var/log/pgbouncer.log\n      StandardError=/var/log/pgbouncer.log\n      ExecStart=/usr/bin/docker run \\\n        --name pgbouncer \\\n        --restart always \\\n        --detach \\\n        --network cloudsql-pgbouncer \\\n        -p 6432:6432 \\\n        -v /run/user/userlist.txt:/etc/pgbouncer/userlist.txt:ro \\\n        -v /run/user/pgbouncer.ini:/etc/pgbouncer/pgbouncer.ini:ro \\\n        edoburu/pgbouncer:latest\n      ExecStop=/usr/bin/docker stop pgbouncer\n      ExecStopPost=/usr/bin/docker rm pgbouncer\n      RemainAfterExit=yes\n      [Install]\n      WantedBy=multi-user.target\nruncmd:\n  - systemctl daemon-reload\n  - systemctl enable cloudsql-proxy.service\n  - systemctl enable pgbouncer.service\n  - systemctl start cloudsql-proxy.service\n  - systemctl start pgbouncer.service\n  \n\r\n--MIMEBOUNDARY--\r\n"
          },
          "sensitive_attributes": []
        }
      ]
    },
    {
      "mode": "data",
      "type": "template_file",
      "name": "cloud_config",
      "provider": "provider[\"registry.terraform.io/hashicorp/template\"]",
      "instances": [
        {
          "schema_version": 0,
          "attributes": {
            "filename": null,
            "id": "103ade2272e90dc94519f37f5f22349b7a66aa16ed363d8419b4e1abcfdc428c",
            "rendered": "#cloud-config\n\nwrite_files:\n  - path: /run/user/pgbouncer.ini\n    permissions: \"0644\"\n    encoding: b64\n    content: W2RhdGFiYXNlc10KKiA9IGhvc3Q9Y2xvdWRzcWwtcHJveHkgcG9ydD01NDMyCgpbcGdib3VuY2VyXQpsaXN0ZW5fYWRkciA9IDAuMC4wLjAKbGlzdGVuX3BvcnQgPSA2NDMyCnVuaXhfc29ja2V0X2RpciA9CnVzZXIgPSBwb3N0Z3JlcwphdXRoX2ZpbGUgPSAvZXRjL3BnYm91bmNlci91c2VybGlzdC50eHQKYXV0aF90eXBlID0gbWQ1CgptYXhfZGJfY29ubmVjdGlvbnMgPSAxMDAKbWF4X2NsaWVudF9jb25uID0gMTAwCnBvb2xfbW9kZSA9IHRyYW5zYWN0aW9uCmRlZmF1bHRfcG9vbF9zaXplID0gMjAKYWRtaW5fdXNlcnMgPSAKc3RhdHNfdXNlcnMgPSAKaWdub3JlX3N0YXJ0dXBfcGFyYW1ldGVycyA9IGV4dHJhX2Zsb2F0X2RpZ2l0cywgb3B0aW9ucwphcHBsaWNhdGlvbl9uYW1lX2FkZF9ob3N0ID0gMQo=\n  - path: /run/user/userlist.txt\n    permissions: \"0644\"\n    encoding: b64\n    content: ImFkbWluIiAibWQ1NmQyZjUwYzYwN2U4NDk3Y2FmMGYwM2Y1ODVkZmYwMWIiCiJ0ZXN0IiAibWQ1MDM2OTg1MDkzNzZhYWNjN2MyYzRjN2E4ZTRlNzdlYTIiCg==\n  - path: /etc/systemd/system/cloudsql-proxy.service\n    permissions: \"0644\"\n    owner: root\n    content: |\n      [Unit]\n      Type=oneshot\n      Description=Cloud SQL Proxy\n      After=docker.service\n\n      [Service]\n      StandardOutput=/var/log/cloudsql-proxy.log\n      StandardError=/var/log/cloudsql-proxy.log\n      ExecStartPre=/usr/bin/docker network create cloudsql-pgbouncer\n      ExecStart=/usr/bin/docker run --name cloudsql-proxy --detach --restart always \\\n        --network cloudsql-pgbouncer \\\n        -p 5432:5432 \\\n        gcr.io/cloud-sql-connectors/cloud-sql-proxy:2.1.2 sapient-helix-352609:us-central1:db-pgbouncer-dc267519cd sapient-helix-352609:us-central1:db-pgbouncer-dc267519cd-replica-dc267519cd --address 0.0.0.0\n      ExecStop=/usr/bin/docker stop cloudsql-proxy\n      ExecStopPost=/usr/bin/docker rm cloudsql-proxy\n      RemainAfterExit=yes\n      [Install]\n      WantedBy=multi-user.target\n  - path: /etc/systemd/system/pgbouncer.service\n    permissions: \"0644\"\n    owner: root\n    content: |\n      [Unit]\n      Type=oneshot\n      Description=Start PgBouncer\n      After=docker.service\n      After=cloudsql-proxy.service\n\n      [Service]\n      StandardOutput=/var/log/pgbouncer.log\n      StandardError=/var/log/pgbouncer.log\n      ExecStart=/usr/bin/docker run \\\n        --name pgbouncer \\\n        --restart always \\\n        --detach \\\n        --network cloudsql-pgbouncer \\\n        -p 6432:6432 \\\n        -v /run/user/userlist.txt:/etc/pgbouncer/userlist.txt:ro \\\n        -v /run/user/pgbouncer.ini:/etc/pgbouncer/pgbouncer.ini:ro \\\n        edoburu/pgbouncer:latest\n      ExecStop=/usr/bin/docker stop pgbouncer\n      ExecStopPost=/usr/bin/docker rm pgbouncer\n      RemainAfterExit=yes\n      [Install]\n      WantedBy=multi-user.target\nruncmd:\n  - systemctl daemon-reload\n  - systemctl enable cloudsql-proxy.service\n  - systemctl enable pgbouncer.service\n  - systemctl start cloudsql-proxy.service\n  - systemctl start pgbouncer.service\n  \n",
            "template": "#cloud-config\n\nwrite_files:\n  - path: /run/user/pgbouncer.ini\n    permissions: \"0644\"\n    encoding: b64\n    content: ${config}\n  - path: /run/user/userlist.txt\n    permissions: \"0644\"\n    encoding: b64\n    content: ${userlist}\n  - path: /etc/systemd/system/cloudsql-proxy.service\n    permissions: \"0644\"\n    owner: root\n    content: |\n      [Unit]\n      Type=oneshot\n      Description=Cloud SQL Proxy\n      After=docker.service\n\n      [Service]\n      StandardOutput=/var/log/cloudsql-proxy.log\n      StandardError=/var/log/cloudsql-proxy.log\n      ExecStartPre=/usr/bin/docker network create cloudsql-pgbouncer\n      ExecStart=/usr/bin/docker run --name cloudsql-proxy --detach --restart always \\\n        --network cloudsql-pgbouncer \\\n        -p ${cloud_sql_proxy_port}:${cloud_sql_proxy_port} \\\n        ${cloud_sql_proxy_image} ${cloud_sql_instance_name} ${cloud_sql_replica_name} --address 0.0.0.0\n      ExecStop=/usr/bin/docker stop cloudsql-proxy\n      ExecStopPost=/usr/bin/docker rm cloudsql-proxy\n      RemainAfterExit=yes\n      [Install]\n      WantedBy=multi-user.target\n  - path: /etc/systemd/system/pgbouncer.service\n    permissions: \"0644\"\n    owner: root\n    content: |\n      [Unit]\n      Type=oneshot\n      Description=Start PgBouncer\n      After=docker.service\n      After=cloudsql-proxy.service\n\n      [Service]\n      StandardOutput=/var/log/pgbouncer.log\n      StandardError=/var/log/pgbouncer.log\n      ExecStart=/usr/bin/docker run \\\n        --name pgbouncer \\\n        --restart always \\\n        --detach \\\n        --network cloudsql-pgbouncer \\\n        -p ${listen_port}:${listen_port} \\\n        -v /run/user/userlist.txt:/etc/pgbouncer/userlist.txt:ro \\\n        -v /run/user/pgbouncer.ini:/etc/pgbouncer/pgbouncer.ini:ro \\\n        ${image}\n      ExecStop=/usr/bin/docker stop pgbouncer\n      ExecStopPost=/usr/bin/docker rm pgbouncer\n      RemainAfterExit=yes\n      [Install]\n      WantedBy=multi-user.target\nruncmd:\n  - systemctl daemon-reload\n  - systemctl enable cloudsql-proxy.service\n  - systemctl enable pgbouncer.service\n  - systemctl start cloudsql-proxy.service\n  - systemctl start pgbouncer.service\n  \n",
            "vars": {
              "cloud_sql_instance_name": "sapient-helix-352609:us-central1:db-pgbouncer-dc267519cd",
              "cloud_sql_proxy_image": "gcr.io/cloud-sql-connectors/cloud-sql-proxy:2.1.2",
              "cloud_sql_proxy_port": "5432",
              "cloud_sql_replica_name": "sapient-helix-352609:us-central1:db-pgbouncer-dc267519cd-replica-dc267519cd",
              "config": "W2RhdGFiYXNlc10KKiA9IGhvc3Q9Y2xvdWRzcWwtcHJveHkgcG9ydD01NDMyCgpbcGdib3VuY2VyXQpsaXN0ZW5fYWRkciA9IDAuMC4wLjAKbGlzdGVuX3BvcnQgPSA2NDMyCnVuaXhfc29ja2V0X2RpciA9CnVzZXIgPSBwb3N0Z3JlcwphdXRoX2ZpbGUgPSAvZXRjL3BnYm91bmNlci91c2VybGlzdC50eHQKYXV0aF90eXBlID0gbWQ1CgptYXhfZGJfY29ubmVjdGlvbnMgPSAxMDAKbWF4X2NsaWVudF9jb25uID0gMTAwCnBvb2xfbW9kZSA9IHRyYW5zYWN0aW9uCmRlZmF1bHRfcG9vbF9zaXplID0gMjAKYWRtaW5fdXNlcnMgPSAKc3RhdHNfdXNlcnMgPSAKaWdub3JlX3N0YXJ0dXBfcGFyYW1ldGVycyA9IGV4dHJhX2Zsb2F0X2RpZ2l0cywgb3B0aW9ucwphcHBsaWNhdGlvbl9uYW1lX2FkZF9ob3N0ID0gMQo=",
              "image": "edoburu/pgbouncer:latest",
              "listen_port": "6432",
              "project_id": "sapient-helix-352609",
              "userlist": "ImFkbWluIiAibWQ1NmQyZjUwYzYwN2U4NDk3Y2FmMGYwM2Y1ODVkZmYwMWIiCiJ0ZXN0IiAibWQ1MDM2OTg1MDkzNzZhYWNjN2MyYzRjN2E4ZTRlNzdlYTIiCg=="
            }
          },
          "sensitive_attributes": []
        }
      ]
    },
    {
      "mode": "managed",
      "type": "google_compute_firewall",
      "name": "pgbouncer",
      "provider": "provider[\"registry.terraform.io/hashicorp/google\"]",
      "instances": [
        {
          "schema_version": 1,
          "attributes": {
            "allow": [
              {
                "ports": [
                  "22"
                ],
                "protocol": "tcp"
              },
              {
                "ports": [
                  "6432"
                ],
                "protocol": "tcp"
              }
            ],
            "creation_timestamp": "2023-04-11T10:25:09.227-07:00",
            "deny": [],
            "description": "",
            "destination_ranges": [],
            "direction": "INGRESS",
            "disabled": false,
            "enable_logging": null,
            "id": "projects/sapient-helix-352609/global/firewalls/pgbouncer",
            "log_config": [],
            "name": "pgbouncer",
            "network": "https://www.googleapis.com/compute/v1/projects/sapient-helix-352609/global/networks/pgbouncer-network",
            "priority": 1000,
            "project": "sapient-helix-352609",
            "self_link": "https://www.googleapis.com/compute/v1/projects/sapient-helix-352609/global/firewalls/pgbouncer",
            "source_ranges": [
              "0.0.0.0/0"
            ],
            "source_service_accounts": [],
            "source_tags": [],
            "target_service_accounts": [],
            "target_tags": [
              "pgbouncer"
            ],
            "timeouts": null
          },
          "sensitive_attributes": [],
          "private": "eyJlMmJmYjczMC1lY2FhLTExZTYtOGY4OC0zNDM2M2JjN2M0YzAiOnsiY3JlYXRlIjoyNDAwMDAwMDAwMDAsImRlbGV0ZSI6MjQwMDAwMDAwMDAwLCJ1cGRhdGUiOjI0MDAwMDAwMDAwMH0sInNjaGVtYV92ZXJzaW9uIjoiMSJ9",
          "dependencies": [
            "module.vpc_network.module.vpc.google_compute_network.network"
          ]
        }
      ]
    },
    {
      "mode": "managed",
      "type": "random_id",
      "name": "suffix",
      "provider": "provider[\"registry.terraform.io/hashicorp/random\"]",
      "instances": [
        {
          "schema_version": 0,
          "attributes": {
            "b64": "3CZ1Gc0",
            "b64_std": "3CZ1Gc0=",
            "b64_url": "3CZ1Gc0",
            "byte_length": 5,
            "dec": "945538013645",
            "hex": "dc267519cd",
            "id": "3CZ1Gc0",
            "keepers": null,
            "prefix": null
          },
          "sensitive_attributes": [],
          "private": "bnVsbA=="
        }
      ]
    },
    {
      "module": "module.activate-services",
      "mode": "managed",
      "type": "google_project_iam_member",
      "name": "project_service_identity_roles",
      "provider": "provider[\"registry.terraform.io/hashicorp/google\"]",
      "instances": [
        {
          "index_key": "servicenetworking.googleapis.com roles/servicenetworking.serviceAgent",
          "schema_version": 0,
          "attributes": {
            "condition": [],
            "etag": "BwX5IOBRvNg=",
            "id": "sapient-helix-352609/roles/servicenetworking.serviceAgent/serviceAccount:service-410099436063@service-networking.iam.gserviceaccount.com",
            "member": "serviceAccount:service-410099436063@service-networking.iam.gserviceaccount.com",
            "project": "sapient-helix-352609",
            "role": "roles/servicenetworking.serviceAgent"
          },
          "sensitive_attributes": [],
          "private": "bnVsbA==",
          "dependencies": [
            "module.activate-services.data.google_compute_default_service_account.default",
            "module.activate-services.google_project_service_identity.project_service_identities"
          ]
        }
      ]
    },
    {
      "module": "module.activate-services",
      "mode": "managed",
      "type": "google_project_service",
      "name": "project_services",
      "provider": "provider[\"registry.terraform.io/hashicorp/google\"]",
      "instances": [
        {
          "index_key": "cloudresourcemanager.googleapis.com",
          "schema_version": 0,
          "attributes": {
            "disable_dependent_services": true,
            "disable_on_destroy": true,
            "id": "sapient-helix-352609/cloudresourcemanager.googleapis.com",
            "project": "sapient-helix-352609",
            "service": "cloudresourcemanager.googleapis.com",
            "timeouts": null
          },
          "sensitive_attributes": [],
          "private": "eyJlMmJmYjczMC1lY2FhLTExZTYtOGY4OC0zNDM2M2JjN2M0YzAiOnsiY3JlYXRlIjoxMjAwMDAwMDAwMDAwLCJkZWxldGUiOjEyMDAwMDAwMDAwMDAsInJlYWQiOjYwMDAwMDAwMDAwMCwidXBkYXRlIjoxMjAwMDAwMDAwMDAwfX0="
        },
        {
          "index_key": "compute.googleapis.com",
          "schema_version": 0,
          "attributes": {
            "disable_dependent_services": true,
            "disable_on_destroy": true,
            "id": "sapient-helix-352609/compute.googleapis.com",
            "project": "sapient-helix-352609",
            "service": "compute.googleapis.com",
            "timeouts": null
          },
          "sensitive_attributes": [],
          "private": "eyJlMmJmYjczMC1lY2FhLTExZTYtOGY4OC0zNDM2M2JjN2M0YzAiOnsiY3JlYXRlIjoxMjAwMDAwMDAwMDAwLCJkZWxldGUiOjEyMDAwMDAwMDAwMDAsInJlYWQiOjYwMDAwMDAwMDAwMCwidXBkYXRlIjoxMjAwMDAwMDAwMDAwfX0="
        },
        {
          "index_key": "servicenetworking.googleapis.com",
          "schema_version": 0,
          "attributes": {
            "disable_dependent_services": true,
            "disable_on_destroy": true,
            "id": "sapient-helix-352609/servicenetworking.googleapis.com",
            "project": "sapient-helix-352609",
            "service": "servicenetworking.googleapis.com",
            "timeouts": null
          },
          "sensitive_attributes": [],
          "private": "eyJlMmJmYjczMC1lY2FhLTExZTYtOGY4OC0zNDM2M2JjN2M0YzAiOnsiY3JlYXRlIjoxMjAwMDAwMDAwMDAwLCJkZWxldGUiOjEyMDAwMDAwMDAwMDAsInJlYWQiOjYwMDAwMDAwMDAwMCwidXBkYXRlIjoxMjAwMDAwMDAwMDAwfX0="
        },
        {
          "index_key": "sqladmin.googleapis.com",
          "schema_version": 0,
          "attributes": {
            "disable_dependent_services": true,
            "disable_on_destroy": true,
            "id": "sapient-helix-352609/sqladmin.googleapis.com",
            "project": "sapient-helix-352609",
            "service": "sqladmin.googleapis.com",
            "timeouts": null
          },
          "sensitive_attributes": [],
          "private": "eyJlMmJmYjczMC1lY2FhLTExZTYtOGY4OC0zNDM2M2JjN2M0YzAiOnsiY3JlYXRlIjoxMjAwMDAwMDAwMDAwLCJkZWxldGUiOjEyMDAwMDAwMDAwMDAsInJlYWQiOjYwMDAwMDAwMDAwMCwidXBkYXRlIjoxMjAwMDAwMDAwMDAwfX0="
        }
      ]
    },
    {
      "module": "module.activate-services",
      "mode": "managed",
      "type": "google_project_service_identity",
      "name": "project_service_identities",
      "provider": "provider[\"registry.terraform.io/hashicorp/google-beta\"]",
      "instances": [
        {
          "index_key": "servicenetworking.googleapis.com",
          "schema_version": 0,
          "attributes": {
            "email": "service-410099436063@service-networking.iam.gserviceaccount.com",
            "id": "projects/sapient-helix-352609/services/servicenetworking.googleapis.com",
            "project": "sapient-helix-352609",
            "service": "servicenetworking.googleapis.com",
            "timeouts": null
          },
          "sensitive_attributes": [],
          "private": "eyJlMmJmYjczMC1lY2FhLTExZTYtOGY4OC0zNDM2M2JjN2M0YzAiOnsiY3JlYXRlIjoxMjAwMDAwMDAwMDAwLCJkZWxldGUiOjEyMDAwMDAwMDAwMDAsInJlYWQiOjYwMDAwMDAwMDAwMH19"
        }
      ]
    },
    {
      "module": "module.cloud_sql_proxy_service_account",
      "mode": "data",
      "type": "template_file",
      "name": "keys",
      "provider": "provider[\"registry.terraform.io/hashicorp/template\"]",
      "instances": [
        {
          "index_key": "cloud-sql-proxy",
          "schema_version": 0,
          "attributes": {
            "filename": null,
            "id": "e3b0c44298fc1c149afbf4c8996fb92427ae41e4649b934ca495991b7852b855",
            "rendered": "",
            "template": "${key}",
            "vars": {
              "key": ""
            }
          },
          "sensitive_attributes": []
        }
      ]
    },
    {
      "module": "module.cloud_sql_proxy_service_account",
      "mode": "managed",
      "type": "google_project_iam_member",
      "name": "project-roles",
      "provider": "provider[\"registry.terraform.io/hashicorp/google\"]",
      "instances": [
        {
          "index_key": "cloud-sql-proxy-sapient-helix-352609=\u003eroles/cloudsql.admin",
          "schema_version": 0,
          "attributes": {
            "condition": [],
            "etag": "BwX5IOBRvNg=",
            "id": "sapient-helix-352609/roles/cloudsql.admin/serviceAccount:cloud-sql-proxy@sapient-helix-352609.iam.gserviceaccount.com",
            "member": "serviceAccount:cloud-sql-proxy@sapient-helix-352609.iam.gserviceaccount.com",
            "project": "sapient-helix-352609",
            "role": "roles/cloudsql.admin"
          },
          "sensitive_attributes": [],
          "private": "bnVsbA==",
          "dependencies": [
            "module.cloud_sql_proxy_service_account.google_service_account.service_accounts"
          ]
        }
      ]
    },
    {
      "module": "module.cloud_sql_proxy_service_account",
      "mode": "managed",
      "type": "google_service_account",
      "name": "service_accounts",
      "provider": "provider[\"registry.terraform.io/hashicorp/google\"]",
      "instances": [
        {
          "index_key": "cloud-sql-proxy",
          "schema_version": 0,
          "attributes": {
            "account_id": "cloud-sql-proxy",
            "description": "",
            "disabled": false,
            "display_name": "Terraform-managed service account",
            "email": "cloud-sql-proxy@sapient-helix-352609.iam.gserviceaccount.com",
            "id": "projects/sapient-helix-352609/serviceAccounts/cloud-sql-proxy@sapient-helix-352609.iam.gserviceaccount.com",
            "name": "projects/sapient-helix-352609/serviceAccounts/cloud-sql-proxy@sapient-helix-352609.iam.gserviceaccount.com",
            "project": "sapient-helix-352609",
            "timeouts": null,
            "unique_id": "106979273078952567030"
          },
          "sensitive_attributes": [],
          "private": "eyJlMmJmYjczMC1lY2FhLTExZTYtOGY4OC0zNDM2M2JjN2M0YzAiOnsiY3JlYXRlIjozMDAwMDAwMDAwMDB9fQ=="
        }
      ]
    },
    {
      "module": "module.db",
      "mode": "managed",
      "type": "google_sql_database",
      "name": "default",
      "provider": "provider[\"registry.terraform.io/hashicorp/google\"]",
      "instances": [
        {
          "index_key": 0,
          "schema_version": 0,
          "attributes": {
            "charset": "UTF8",
            "collation": "en_US.UTF8",
            "id": "projects/sapient-helix-352609/instances/db-pgbouncer-dc267519cd/databases/test",
            "instance": "db-pgbouncer-dc267519cd",
            "name": "test",
            "project": "sapient-helix-352609",
            "self_link": "https://sqladmin.googleapis.com/sql/v1beta4/projects/sapient-helix-352609/instances/db-pgbouncer-dc267519cd/databases/test",
            "timeouts": null
          },
          "sensitive_attributes": [],
          "private": "eyJlMmJmYjczMC1lY2FhLTExZTYtOGY4OC0zNDM2M2JjN2M0YzAiOnsiY3JlYXRlIjo5MDAwMDAwMDAwMDAsImRlbGV0ZSI6NjAwMDAwMDAwMDAwLCJ1cGRhdGUiOjYwMDAwMDAwMDAwMH19",
          "dependencies": [
            "data.google_compute_network.network",
            "module.activate-services.data.google_compute_default_service_account.default",
            "module.activate-services.google_project_iam_member.project_service_identity_roles",
            "module.activate-services.google_project_service.project_services",
            "module.activate-services.google_project_service_identity.project_service_identities",
            "module.db.google_sql_database_instance.default",
            "module.db.null_resource.module_depends_on",
            "module.db.random_id.suffix",
            "module.private_service_access.data.google_compute_network.main",
            "module.private_service_access.google_compute_global_address.google-managed-services-range",
            "module.private_service_access.google_service_networking_connection.private_service_access",
            "module.private_service_access.null_resource.dependency_setter",
            "module.vpc_network.module.firewall_rules.google_compute_firewall.rules",
            "module.vpc_network.module.routes.google_compute_route.route",
            "module.vpc_network.module.subnets.google_compute_subnetwork.subnetwork",
            "module.vpc_network.module.vpc.google_compute_network.network",
            "module.vpc_network.module.vpc.google_compute_shared_vpc_host_project.shared_vpc_host",
            "random_id.suffix"
          ]
        }
      ]
    },
    {
      "module": "module.db",
      "mode": "managed",
      "type": "google_sql_database_instance",
      "name": "default",
      "provider": "provider[\"registry.terraform.io/hashicorp/google-beta\"]",
      "instances": [
        {
          "schema_version": 0,
          "attributes": {
            "clone": [],
            "connection_name": "sapient-helix-352609:us-central1:db-pgbouncer-dc267519cd",
            "database_version": "POSTGRES_12",
            "deletion_protection": true,
            "encryption_key_name": null,
            "first_ip_address": "10.37.0.2",
            "id": "db-pgbouncer-dc267519cd",
            "ip_address": [
              {
                "ip_address": "10.37.0.2",
                "time_to_retire": "",
                "type": "PRIVATE"
              }
            ],
            "master_instance_name": "",
            "name": "db-pgbouncer-dc267519cd",
            "private_ip_address": "10.37.0.2",
            "project": "sapient-helix-352609",
            "public_ip_address": "",
            "region": "us-central1",
            "replica_configuration": [],
            "restore_backup_context": [],
            "root_password": null,
            "self_link": "https://sqladmin.googleapis.com/sql/v1beta4/projects/sapient-helix-352609/instances/db-pgbouncer-dc267519cd",
            "server_ca_cert": [
              {
                "cert": "-----BEGIN CERTIFICATE-----\nMIIDfzCCAmegAwIBAgIBADANBgkqhkiG9w0BAQsFADB3MS0wKwYDVQQuEyQ0YWMy\nMjUwOC1kZjU2LTQ3MzItOTAxYy00Y2NmOTc3Y2E1MTIxIzAhBgNVBAMTGkdvb2ds\nZSBDbG91ZCBTUUwgU2VydmVyIENBMRQwEgYDVQQKEwtHb29nbGUsIEluYzELMAkG\nA1UEBhMCVVMwHhcNMjMwNDEyMTAyNDAzWhcNMzMwNDA5MTAyNTAzWjB3MS0wKwYD\nVQQuEyQ0YWMyMjUwOC1kZjU2LTQ3MzItOTAxYy00Y2NmOTc3Y2E1MTIxIzAhBgNV\nBAMTGkdvb2dsZSBDbG91ZCBTUUwgU2VydmVyIENBMRQwEgYDVQQKEwtHb29nbGUs\nIEluYzELMAkGA1UEBhMCVVMwggEiMA0GCSqGSIb3DQEBAQUAA4IBDwAwggEKAoIB\nAQCV2u9XHbHYVJ6BocPSOS6tXODuOGplI1q55FC1XGwChvHzpQDaqTbfkEQmxDOK\nBBCargpdjvRZMum1XnID0HeqvlpAJ2mQcBLtlyCTd1UUJxNi4CgeE1CRTKkDFfMJ\nhdG3aSnsA4QNvFsbjdHMgNIP8me82q9ZJ78qVZRb88F+A0+bs4Iyvp/kR8OXHUYv\nIPBzo41zOMSRsOkAw+N0Sy5ZLcP1XWBXqTN4+cKrCGF0dc4QMJrYiDVymKr4wtT5\nQ1l8nskreo684vEMsNMBr5vDTDS+vg3sBqJ3YU5BNBj+2KUiPjAlZn2UAn2gAxoC\nGiaeJ+tTDqNsd70rGs/M3N4BAgMBAAGjFjAUMBIGA1UdEwEB/wQIMAYBAf8CAQAw\nDQYJKoZIhvcNAQELBQADggEBAGWpLvTMG9o5RlDFrHFI3qMz+F7gOlaKRblU84LD\n8pbpsf8/IePIeOD3E3xMomIqy9RmJlUdt/FUbSbnq9HbC4oUNhvrVEW1ZWf8Ix9Y\nudOe98XWdauFvtyoLZJ2MErMtvyn6LWeQfrdzKDXWcv+n+pYVoLRQc57tS4vp0Dw\n3ZTA2BKK5nN5IbdW3vbMcSvJR9BdHn616nFyguTudcbWWO90GfkkKU7vllBQLtLK\nHzAQ9iU+Cju4FETjXUswtB/kWyu8yOT7tb3XWYLrKWfXWEMoowo2hJ+cvBbOnXy7\nziLA+7vhi0y1vcgc+fxR/BUndhFrqNbOLERqCQbssQ/KHxY=\n-----END CERTIFICATE-----",
                "common_name": "C=US,O=Google\\, Inc,CN=Google Cloud SQL Server CA,dnQualifier=4ac22508-df56-4732-901c-4ccf977ca512",
                "create_time": "2023-04-12T10:24:03.602Z",
                "expiration_time": "2033-04-09T10:25:03.602Z",
                "sha1_fingerprint": "150e49d4e29767bf457fc7730f291b8d8cf0e858"
              }
            ],
            "service_account_email_address": "p410099436063-c00p13@gcp-sa-cloud-sql.iam.gserviceaccount.com",
            "settings": [
              {
                "activation_policy": "ALWAYS",
                "authorized_gae_applications": [],
                "availability_type": "REGIONAL",
                "backup_configuration": [
                  {
                    "backup_retention_settings": [
                      {
                        "retained_backups": 7,
                        "retention_unit": "COUNT"
                      }
                    ],
                    "binary_log_enabled": false,
                    "enabled": false,
                    "location": "",
                    "point_in_time_recovery_enabled": false,
                    "start_time": "12:00",
                    "transaction_log_retention_days": 7
                  }
                ],
                "collation": "",
                "crash_safe_replication": false,
                "database_flags": [],
                "disk_autoresize": true,
                "disk_autoresize_limit": 0,
                "disk_size": 10,
                "disk_type": "PD_SSD",
                "insights_config": [],
                "ip_configuration": [
                  {
                    "authorized_networks": [
                      {
                        "expiration_time": "",
                        "name": "sapient-helix-352609-cidr",
                        "value": "10.0.1.0/24"
                      }
                    ],
                    "ipv4_enabled": false,
                    "private_network": "projects/sapient-helix-352609/global/networks/pgbouncer-network",
                    "require_ssl": false
                  }
                ],
                "location_preference": [
                  {
                    "follow_gae_application": "",
                    "zone": "us-central1-a"
                  }
                ],
                "maintenance_window": [
                  {
                    "day": 1,
                    "hour": 23,
                    "update_track": "canary"
                  }
                ],
                "pricing_plan": "PER_USE",
                "replication_type": "SYNCHRONOUS",
                "tier": "db-f1-micro",
                "user_labels": {},
                "version": 5
              }
            ],
            "timeouts": {
              "create": "2h",
              "delete": "2h",
              "update": "2h"
            }
          },
          "sensitive_attributes": [],
          "private": "eyJlMmJmYjczMC1lY2FhLTExZTYtOGY4OC0zNDM2M2JjN2M0YzAiOnsiY3JlYXRlIjo3MjAwMDAwMDAwMDAwLCJkZWxldGUiOjcyMDAwMDAwMDAwMDAsInVwZGF0ZSI6NzIwMDAwMDAwMDAwMH19",
          "dependencies": [
            "data.google_compute_network.network",
            "module.activate-services.data.google_compute_default_service_account.default",
            "module.activate-services.google_project_iam_member.project_service_identity_roles",
            "module.activate-services.google_project_service.project_services",
            "module.activate-services.google_project_service_identity.project_service_identities",
            "module.db.null_resource.module_depends_on",
            "module.db.random_id.suffix",
            "module.private_service_access.data.google_compute_network.main",
            "module.private_service_access.google_compute_global_address.google-managed-services-range",
            "module.private_service_access.google_service_networking_connection.private_service_access",
            "module.private_service_access.null_resource.dependency_setter",
            "module.vpc_network.module.firewall_rules.google_compute_firewall.rules",
            "module.vpc_network.module.routes.google_compute_route.route",
            "module.vpc_network.module.subnets.google_compute_subnetwork.subnetwork",
            "module.vpc_network.module.vpc.google_compute_network.network",
            "module.vpc_network.module.vpc.google_compute_shared_vpc_host_project.shared_vpc_host",
            "random_id.suffix"
          ]
        }
      ]
    },
    {
      "module": "module.db",
      "mode": "managed",
      "type": "google_sql_database_instance",
      "name": "replicas",
      "provider": "provider[\"registry.terraform.io/hashicorp/google\"]",
      "instances": [
        {
          "index_key": "db-pgbouncer-dc267519cd-replica-dc267519cd",
          "schema_version": 0,
          "attributes": {
            "clone": [],
            "connection_name": "sapient-helix-352609:us-central1:db-pgbouncer-dc267519cd-replica-dc267519cd",
            "database_version": "POSTGRES_12",
            "deletion_protection": false,
            "first_ip_address": "10.37.0.6",
            "id": "db-pgbouncer-dc267519cd-replica-dc267519cd",
            "ip_address": [
              {
                "ip_address": "10.37.0.6",
                "time_to_retire": "",
                "type": "PRIVATE"
              }
            ],
            "master_instance_name": "db-pgbouncer-dc267519cd",
            "name": "db-pgbouncer-dc267519cd-replica-dc267519cd",
            "private_ip_address": "10.37.0.6",
            "project": "sapient-helix-352609",
            "public_ip_address": "",
            "region": "us-central1",
            "replica_configuration": [
              {
                "ca_certificate": "",
                "client_certificate": "",
                "client_key": "",
                "connect_retry_interval": 0,
                "dump_file_path": "",
                "failover_target": false,
                "master_heartbeat_period": 0,
                "password": "",
                "ssl_cipher": "",
                "username": "",
                "verify_server_certificate": false
              }
            ],
            "restore_backup_context": [],
            "root_password": null,
            "self_link": "https://sqladmin.googleapis.com/sql/v1beta4/projects/sapient-helix-352609/instances/db-pgbouncer-dc267519cd-replica-dc267519cd",
            "server_ca_cert": [
              {
                "cert": "-----BEGIN CERTIFICATE-----\nMIIDfzCCAmegAwIBAgIBADANBgkqhkiG9w0BAQsFADB3MS0wKwYDVQQuEyQ2YWNh\nZDg0ZS03YmMyLTQ2ZTItOTA4Ny1jNWI5MDg2OTMyOGUxIzAhBgNVBAMTGkdvb2ds\nZSBDbG91ZCBTUUwgU2VydmVyIENBMRQwEgYDVQQKEwtHb29nbGUsIEluYzELMAkG\nA1UEBhMCVVMwHhcNMjMwNDEyMTA0NDUwWhcNMzMwNDA5MTA0NTUwWjB3MS0wKwYD\nVQQuEyQ2YWNhZDg0ZS03YmMyLTQ2ZTItOTA4Ny1jNWI5MDg2OTMyOGUxIzAhBgNV\nBAMTGkdvb2dsZSBDbG91ZCBTUUwgU2VydmVyIENBMRQwEgYDVQQKEwtHb29nbGUs\nIEluYzELMAkGA1UEBhMCVVMwggEiMA0GCSqGSIb3DQEBAQUAA4IBDwAwggEKAoIB\nAQCD2lZUYTLApudz2p8TNe528PTCVI8nZxevL/xa+KxMpYTqqx0IjVG+/wsu2V0c\nfroO41WyhTCMkHPQWbueTe4okMiKk4NHNuP6WnSJ15obXcrXELsT0DhhFr10/omS\nGi+jnK4y2wopfz5C3gCJF8X26IKcSYqM/NlXybqfs/ez0aM2twAbD5Zujg2ZGTLf\nFnia7vl+LlQwceaAB/QEI7RBh2oHwO7943yBSObr5lVf8hdSAgAQldsTQHaCx6O5\ndLPhO0JrW8rQh6o6eNWvzN+nVWb/ZSmwyU6n4f8GVz1EY0wTxkAc5UsWwfB82VR9\n9BW6V+itqgdnmlX1LPf2Y51BAgMBAAGjFjAUMBIGA1UdEwEB/wQIMAYBAf8CAQAw\nDQYJKoZIhvcNAQELBQADggEBAAfCmh6GE6fBT80FMf13ictnkRnjw/mIG5wcrSPh\nF4aqSo5PenNcfdQ5B+Cix2HiL4M0JXZSwfORESRaOeZzKsy+nIV2bpOQj1GMqQEV\ns0G2Ogr1veVvlBNuqiXMHsrh0dv8UOTRDb7bUtKjo6GHdDSl1nv5Fc/nV+zG/QQK\n/YpSeMJI75j5VI36sbyj9W89ttVLVh7eiLAaTJ3u1QVT8fg3EcSN2GQNXNyGNzAV\nA+hrLNnOEVID+lv+ZF7ajXf3imk8jxBVcbhUfmEHrUqi3ZLqC3GS/WmBIxYgiqiN\n73JtbVCJJmncwMPJrZd9xBLle1fX/SM31xyHVLCYw1HXniE=\n-----END CERTIFICATE-----",
                "common_name": "C=US,O=Google\\, Inc,CN=Google Cloud SQL Server CA,dnQualifier=6acad84e-7bc2-46e2-9087-c5b90869328e",
                "create_time": "2023-04-12T10:44:50.014Z",
                "expiration_time": "2033-04-09T10:45:50.014Z",
                "sha1_fingerprint": "010514932dac5cad0110c0cb259328dc8bb57285"
              }
            ],
            "service_account_email_address": "p410099436063-1opvyi@gcp-sa-cloud-sql.iam.gserviceaccount.com",
            "settings": [
              {
                "activation_policy": "ALWAYS",
                "authorized_gae_applications": [],
                "availability_type": "ZONAL",
                "backup_configuration": [
                  {
                    "backup_retention_settings": [
                      {
                        "retained_backups": 7,
                        "retention_unit": "COUNT"
                      }
                    ],
                    "binary_log_enabled": false,
                    "enabled": false,
                    "location": "",
                    "point_in_time_recovery_enabled": false,
                    "start_time": "00:00",
                    "transaction_log_retention_days": 7
                  }
                ],
                "collation": "",
                "crash_safe_replication": true,
                "database_flags": [
                  {
                    "name": "autovacuum",
                    "value": "off"
                  }
                ],
                "disk_autoresize": true,
                "disk_autoresize_limit": 0,
                "disk_size": 10,
                "disk_type": "PD_HDD",
                "insights_config": [],
                "ip_configuration": [
                  {
                    "authorized_networks": [
                      {
                        "expiration_time": "",
                        "name": "sapient-helix-352609-cidr",
                        "value": "10.0.1.0/24"
                      }
                    ],
                    "ipv4_enabled": false,
                    "private_network": "projects/sapient-helix-352609/global/networks/pgbouncer-network",
                    "require_ssl": false
                  }
                ],
                "location_preference": [
                  {
                    "follow_gae_application": "",
                    "zone": "us-central1-a"
                  }
                ],
                "maintenance_window": [],
                "pricing_plan": "PER_USE",
                "replication_type": "SYNCHRONOUS",
                "tier": "db-f1-micro",
                "user_labels": {},
                "version": 1
              }
            ],
            "timeouts": {
              "create": "2h",
              "delete": "2h",
              "update": "2h"
            }
          },
          "sensitive_attributes": [],
          "private": "eyJlMmJmYjczMC1lY2FhLTExZTYtOGY4OC0zNDM2M2JjN2M0YzAiOnsiY3JlYXRlIjo3MjAwMDAwMDAwMDAwLCJkZWxldGUiOjcyMDAwMDAwMDAwMDAsInVwZGF0ZSI6NzIwMDAwMDAwMDAwMH19",
          "dependencies": [
            "data.google_compute_network.network",
            "module.activate-services.data.google_compute_default_service_account.default",
            "module.activate-services.google_project_iam_member.project_service_identity_roles",
            "module.activate-services.google_project_service.project_services",
            "module.activate-services.google_project_service_identity.project_service_identities",
            "module.db.google_sql_database_instance.default",
            "module.db.null_resource.module_depends_on",
            "module.db.random_id.suffix",
            "module.private_service_access.data.google_compute_network.main",
            "module.private_service_access.google_compute_global_address.google-managed-services-range",
            "module.private_service_access.google_service_networking_connection.private_service_access",
            "module.private_service_access.null_resource.dependency_setter",
            "module.vpc_network.module.firewall_rules.google_compute_firewall.rules",
            "module.vpc_network.module.routes.google_compute_route.route",
            "module.vpc_network.module.subnets.google_compute_subnetwork.subnetwork",
            "module.vpc_network.module.vpc.google_compute_network.network",
            "module.vpc_network.module.vpc.google_compute_shared_vpc_host_project.shared_vpc_host",
            "random_id.suffix"
          ]
        }
      ]
    },
    {
      "module": "module.db",
      "mode": "managed",
      "type": "google_sql_user",
      "name": "additional_users",
      "provider": "provider[\"registry.terraform.io/hashicorp/google\"]",
      "instances": [
        {
          "index_key": "admin",
          "schema_version": 1,
          "attributes": {
            "deletion_policy": null,
            "host": "",
            "id": "admin//db-pgbouncer-dc267519cd",
            "instance": "db-pgbouncer-dc267519cd",
            "name": "admin",
            "password": "admin@123",
            "project": "sapient-helix-352609",
            "timeouts": null,
            "type": ""
          },
          "sensitive_attributes": [],
          "private": "eyJlMmJmYjczMC1lY2FhLTExZTYtOGY4OC0zNDM2M2JjN2M0YzAiOnsiY3JlYXRlIjo2MDAwMDAwMDAwMDAsImRlbGV0ZSI6NjAwMDAwMDAwMDAwLCJ1cGRhdGUiOjYwMDAwMDAwMDAwMH0sInNjaGVtYV92ZXJzaW9uIjoiMSJ9",
          "dependencies": [
            "data.google_compute_network.network",
            "module.activate-services.data.google_compute_default_service_account.default",
            "module.activate-services.google_project_iam_member.project_service_identity_roles",
            "module.activate-services.google_project_service.project_services",
            "module.activate-services.google_project_service_identity.project_service_identities",
            "module.db.google_sql_database_instance.default",
            "module.db.null_resource.module_depends_on",
            "module.db.random_id.suffix",
            "module.db.random_id.user-password",
            "module.private_service_access.data.google_compute_network.main",
            "module.private_service_access.google_compute_global_address.google-managed-services-range",
            "module.private_service_access.google_service_networking_connection.private_service_access",
            "module.private_service_access.null_resource.dependency_setter",
            "module.vpc_network.module.firewall_rules.google_compute_firewall.rules",
            "module.vpc_network.module.routes.google_compute_route.route",
            "module.vpc_network.module.subnets.google_compute_subnetwork.subnetwork",
            "module.vpc_network.module.vpc.google_compute_network.network",
            "module.vpc_network.module.vpc.google_compute_shared_vpc_host_project.shared_vpc_host",
            "random_id.suffix"
          ]
        },
        {
          "index_key": "test",
          "schema_version": 1,
          "attributes": {
            "deletion_policy": null,
            "host": "",
            "id": "test//db-pgbouncer-dc267519cd",
            "instance": "db-pgbouncer-dc267519cd",
            "name": "test",
            "password": "test123",
            "project": "sapient-helix-352609",
            "timeouts": null,
            "type": ""
          },
          "sensitive_attributes": [],
          "private": "eyJlMmJmYjczMC1lY2FhLTExZTYtOGY4OC0zNDM2M2JjN2M0YzAiOnsiY3JlYXRlIjo2MDAwMDAwMDAwMDAsImRlbGV0ZSI6NjAwMDAwMDAwMDAwLCJ1cGRhdGUiOjYwMDAwMDAwMDAwMH0sInNjaGVtYV92ZXJzaW9uIjoiMSJ9",
          "dependencies": [
            "data.google_compute_network.network",
            "module.activate-services.data.google_compute_default_service_account.default",
            "module.activate-services.google_project_iam_member.project_service_identity_roles",
            "module.activate-services.google_project_service.project_services",
            "module.activate-services.google_project_service_identity.project_service_identities",
            "module.db.google_sql_database_instance.default",
            "module.db.null_resource.module_depends_on",
            "module.db.random_id.suffix",
            "module.db.random_id.user-password",
            "module.private_service_access.data.google_compute_network.main",
            "module.private_service_access.google_compute_global_address.google-managed-services-range",
            "module.private_service_access.google_service_networking_connection.private_service_access",
            "module.private_service_access.null_resource.dependency_setter",
            "module.vpc_network.module.firewall_rules.google_compute_firewall.rules",
            "module.vpc_network.module.routes.google_compute_route.route",
            "module.vpc_network.module.subnets.google_compute_subnetwork.subnetwork",
            "module.vpc_network.module.vpc.google_compute_network.network",
            "module.vpc_network.module.vpc.google_compute_shared_vpc_host_project.shared_vpc_host",
            "random_id.suffix"
          ]
        }
      ]
    },
    {
      "module": "module.db",
      "mode": "managed",
      "type": "google_sql_user",
      "name": "default",
      "provider": "provider[\"registry.terraform.io/hashicorp/google\"]",
      "instances": [
        {
          "index_key": 0,
          "schema_version": 1,
          "attributes": {
            "deletion_policy": null,
            "host": "",
            "id": "admin//db-pgbouncer-dc267519cd",
            "instance": "db-pgbouncer-dc267519cd",
            "name": "admin",
            "password": "admin@123",
            "project": "sapient-helix-352609",
            "timeouts": null,
            "type": ""
          },
          "sensitive_attributes": [],
          "private": "eyJlMmJmYjczMC1lY2FhLTExZTYtOGY4OC0zNDM2M2JjN2M0YzAiOnsiY3JlYXRlIjo2MDAwMDAwMDAwMDAsImRlbGV0ZSI6NjAwMDAwMDAwMDAwLCJ1cGRhdGUiOjYwMDAwMDAwMDAwMH0sInNjaGVtYV92ZXJzaW9uIjoiMSJ9",
          "dependencies": [
            "data.google_compute_network.network",
            "module.activate-services.data.google_compute_default_service_account.default",
            "module.activate-services.google_project_iam_member.project_service_identity_roles",
            "module.activate-services.google_project_service.project_services",
            "module.activate-services.google_project_service_identity.project_service_identities",
            "module.db.google_sql_database_instance.default",
            "module.db.null_resource.module_depends_on",
            "module.db.random_id.suffix",
            "module.db.random_id.user-password",
            "module.private_service_access.data.google_compute_network.main",
            "module.private_service_access.google_compute_global_address.google-managed-services-range",
            "module.private_service_access.google_service_networking_connection.private_service_access",
            "module.private_service_access.null_resource.dependency_setter",
            "module.vpc_network.module.firewall_rules.google_compute_firewall.rules",
            "module.vpc_network.module.routes.google_compute_route.route",
            "module.vpc_network.module.subnets.google_compute_subnetwork.subnetwork",
            "module.vpc_network.module.vpc.google_compute_network.network",
            "module.vpc_network.module.vpc.google_compute_shared_vpc_host_project.shared_vpc_host",
            "random_id.suffix"
          ]
        }
      ]
    },
    {
      "module": "module.db",
      "mode": "managed",
      "type": "null_resource",
      "name": "module_depends_on",
      "provider": "provider[\"registry.terraform.io/hashicorp/null\"]",
      "instances": [
        {
          "schema_version": 0,
          "attributes": {
            "id": "3938333705721262568",
            "triggers": {
              "value": "1"
            }
          },
          "sensitive_attributes": [],
          "dependencies": [
            "module.activate-services.data.google_compute_default_service_account.default",
            "module.activate-services.google_project_iam_member.project_service_identity_roles",
            "module.activate-services.google_project_service.project_services",
            "module.activate-services.google_project_service_identity.project_service_identities",
            "module.private_service_access.data.google_compute_network.main",
            "module.private_service_access.google_compute_global_address.google-managed-services-range",
            "module.private_service_access.google_service_networking_connection.private_service_access",
            "module.private_service_access.null_resource.dependency_setter",
            "module.vpc_network.module.firewall_rules.google_compute_firewall.rules",
            "module.vpc_network.module.routes.google_compute_route.route",
            "module.vpc_network.module.subnets.google_compute_subnetwork.subnetwork",
            "module.vpc_network.module.vpc.google_compute_network.network",
            "module.vpc_network.module.vpc.google_compute_shared_vpc_host_project.shared_vpc_host"
          ]
        }
      ]
    },
    {
      "module": "module.db",
      "mode": "managed",
      "type": "random_id",
      "name": "user-password",
      "provider": "provider[\"registry.terraform.io/hashicorp/random\"]",
      "instances": [
        {
          "schema_version": 0,
          "attributes": {
            "b64": "jgqK5sma38A",
            "b64_std": "jgqK5sma38A=",
            "b64_url": "jgqK5sma38A",
            "byte_length": 8,
            "dec": "10235145826982354880",
            "hex": "8e0a8ae6c99adfc0",
            "id": "jgqK5sma38A",
            "keepers": {
              "name": "db-pgbouncer-dc267519cd"
            },
            "prefix": null
          },
          "sensitive_attributes": [],
          "private": "bnVsbA==",
          "dependencies": [
            "data.google_compute_network.network",
            "module.activate-services.data.google_compute_default_service_account.default",
            "module.activate-services.google_project_iam_member.project_service_identity_roles",
            "module.activate-services.google_project_service.project_services",
            "module.activate-services.google_project_service_identity.project_service_identities",
            "module.db.google_sql_database_instance.default",
            "module.db.null_resource.module_depends_on",
            "module.db.random_id.suffix",
            "module.private_service_access.data.google_compute_network.main",
            "module.private_service_access.google_compute_global_address.google-managed-services-range",
            "module.private_service_access.google_service_networking_connection.private_service_access",
            "module.private_service_access.null_resource.dependency_setter",
            "module.vpc_network.module.firewall_rules.google_compute_firewall.rules",
            "module.vpc_network.module.routes.google_compute_route.route",
            "module.vpc_network.module.subnets.google_compute_subnetwork.subnetwork",
            "module.vpc_network.module.vpc.google_compute_network.network",
            "module.vpc_network.module.vpc.google_compute_shared_vpc_host_project.shared_vpc_host",
            "random_id.suffix"
          ]
        }
      ]
    },
    {
      "module": "module.private_service_access",
      "mode": "data",
      "type": "google_compute_network",
      "name": "main",
      "provider": "provider[\"registry.terraform.io/hashicorp/google\"]",
      "instances": [
        {
          "schema_version": 0,
          "attributes": {
            "description": "",
            "gateway_ipv4": "",
            "id": "projects/sapient-helix-352609/global/networks/pgbouncer-network",
            "name": "pgbouncer-network",
            "project": "sapient-helix-352609",
            "self_link": "https://www.googleapis.com/compute/v1/projects/sapient-helix-352609/global/networks/pgbouncer-network",
            "subnetworks_self_links": [
              "https://www.googleapis.com/compute/v1/projects/sapient-helix-352609/regions/us-west1/subnetworks/us-west1-subnet",
              "https://www.googleapis.com/compute/v1/projects/sapient-helix-352609/regions/us-central1/subnetworks/us-central1-subnet",
              "https://www.googleapis.com/compute/v1/projects/sapient-helix-352609/regions/us-east1/subnetworks/us-east1-subnet"
            ]
          },
          "sensitive_attributes": []
        }
      ]
    },
    {
      "module": "module.private_service_access",
      "mode": "managed",
      "type": "google_compute_global_address",
      "name": "google-managed-services-range",
      "provider": "provider[\"registry.terraform.io/hashicorp/google-beta\"]",
      "instances": [
        {
          "schema_version": 0,
          "attributes": {
            "address": "10.37.0.0",
            "address_type": "INTERNAL",
            "creation_timestamp": "2023-04-12T03:18:00.711-07:00",
            "description": "",
            "id": "projects/sapient-helix-352609/global/addresses/google-managed-services-pgbouncer-network",
            "ip_version": "",
            "label_fingerprint": "42WmSpB8rSM=",
            "labels": {},
            "name": "google-managed-services-pgbouncer-network",
            "network": "https://www.googleapis.com/compute/v1/projects/sapient-helix-352609/global/networks/pgbouncer-network",
            "prefix_length": 16,
            "project": "sapient-helix-352609",
            "purpose": "VPC_PEERING",
            "self_link": "https://www.googleapis.com/compute/v1/projects/sapient-helix-352609/global/addresses/google-managed-services-pgbouncer-network",
            "timeouts": null
          },
          "sensitive_attributes": [],
          "private": "eyJlMmJmYjczMC1lY2FhLTExZTYtOGY4OC0zNDM2M2JjN2M0YzAiOnsiY3JlYXRlIjoyNDAwMDAwMDAwMDAsImRlbGV0ZSI6MjQwMDAwMDAwMDAwLCJ1cGRhdGUiOjI0MDAwMDAwMDAwMH19",
          "dependencies": [
            "module.activate-services.data.google_compute_default_service_account.default",
            "module.activate-services.google_project_iam_member.project_service_identity_roles",
            "module.activate-services.google_project_service.project_services",
            "module.activate-services.google_project_service_identity.project_service_identities",
            "module.private_service_access.data.google_compute_network.main",
            "module.vpc_network.module.firewall_rules.google_compute_firewall.rules",
            "module.vpc_network.module.routes.google_compute_route.route",
            "module.vpc_network.module.subnets.google_compute_subnetwork.subnetwork",
            "module.vpc_network.module.vpc.google_compute_network.network",
            "module.vpc_network.module.vpc.google_compute_shared_vpc_host_project.shared_vpc_host"
          ]
        }
      ]
    },
    {
      "module": "module.private_service_access",
      "mode": "managed",
      "type": "google_service_networking_connection",
      "name": "private_service_access",
      "provider": "provider[\"registry.terraform.io/hashicorp/google-beta\"]",
      "instances": [
        {
          "schema_version": 0,
          "attributes": {
            "id": "https%3A%2F%2Fwww.googleapis.com%2Fcompute%2Fv1%2Fprojects%2Fsapient-helix-352609%2Fglobal%2Fnetworks%2Fpgbouncer-network:servicenetworking.googleapis.com",
            "network": "https://www.googleapis.com/compute/v1/projects/sapient-helix-352609/global/networks/pgbouncer-network",
            "peering": "servicenetworking-googleapis-com",
            "reserved_peering_ranges": [
              "google-managed-services-pgbouncer-network"
            ],
            "service": "servicenetworking.googleapis.com",
            "timeouts": null
          },
          "sensitive_attributes": [],
          "private": "eyJlMmJmYjczMC1lY2FhLTExZTYtOGY4OC0zNDM2M2JjN2M0YzAiOnsiY3JlYXRlIjo2MDAwMDAwMDAwMDAsImRlbGV0ZSI6NjAwMDAwMDAwMDAwLCJ1cGRhdGUiOjYwMDAwMDAwMDAwMH19",
          "dependencies": [
            "module.activate-services.data.google_compute_default_service_account.default",
            "module.activate-services.google_project_iam_member.project_service_identity_roles",
            "module.activate-services.google_project_service.project_services",
            "module.activate-services.google_project_service_identity.project_service_identities",
            "module.private_service_access.data.google_compute_network.main",
            "module.private_service_access.google_compute_global_address.google-managed-services-range",
            "module.vpc_network.module.firewall_rules.google_compute_firewall.rules",
            "module.vpc_network.module.routes.google_compute_route.route",
            "module.vpc_network.module.subnets.google_compute_subnetwork.subnetwork",
            "module.vpc_network.module.vpc.google_compute_network.network",
            "module.vpc_network.module.vpc.google_compute_shared_vpc_host_project.shared_vpc_host"
          ]
        }
      ]
    },
    {
      "module": "module.private_service_access",
      "mode": "managed",
      "type": "null_resource",
      "name": "dependency_setter",
      "provider": "provider[\"registry.terraform.io/hashicorp/null\"]",
      "instances": [
        {
          "schema_version": 0,
          "attributes": {
            "id": "6387002009942210106",
            "triggers": null
          },
          "sensitive_attributes": [],
          "dependencies": [
            "module.activate-services.data.google_compute_default_service_account.default",
            "module.activate-services.google_project_iam_member.project_service_identity_roles",
            "module.activate-services.google_project_service.project_services",
            "module.activate-services.google_project_service_identity.project_service_identities",
            "module.private_service_access.data.google_compute_network.main",
            "module.private_service_access.google_compute_global_address.google-managed-services-range",
            "module.private_service_access.google_service_networking_connection.private_service_access",
            "module.vpc_network.module.firewall_rules.google_compute_firewall.rules",
            "module.vpc_network.module.routes.google_compute_route.route",
            "module.vpc_network.module.subnets.google_compute_subnetwork.subnetwork",
            "module.vpc_network.module.vpc.google_compute_network.network",
            "module.vpc_network.module.vpc.google_compute_shared_vpc_host_project.shared_vpc_host"
          ]
        }
      ]
    },
    {
      "module": "module.vpc_network.module.subnets",
      "mode": "managed",
      "type": "google_compute_subnetwork",
      "name": "subnetwork",
      "provider": "provider[\"registry.terraform.io/hashicorp/google\"]",
      "instances": [
        {
          "index_key": "us-central1/us-central1-subnet",
          "schema_version": 0,
          "attributes": {
            "creation_timestamp": "2023-04-11T10:25:10.299-07:00",
            "description": "",
            "external_ipv6_prefix": "",
            "fingerprint": null,
            "gateway_address": "10.0.1.1",
            "id": "projects/sapient-helix-352609/regions/us-central1/subnetworks/us-central1-subnet",
            "ip_cidr_range": "10.0.1.0/24",
            "ipv6_access_type": "",
            "ipv6_cidr_range": "",
            "log_config": [],
            "name": "us-central1-subnet",
            "network": "https://www.googleapis.com/compute/v1/projects/sapient-helix-352609/global/networks/pgbouncer-network",
            "private_ip_google_access": true,
            "private_ipv6_google_access": "DISABLE_GOOGLE_ACCESS",
            "project": "sapient-helix-352609",
            "purpose": "PRIVATE",
            "region": "us-central1",
            "role": "",
            "secondary_ip_range": [
              {
                "ip_cidr_range": "10.100.1.128/25",
                "range_name": "us-central1-subnet"
              }
            ],
            "self_link": "https://www.googleapis.com/compute/v1/projects/sapient-helix-352609/regions/us-central1/subnetworks/us-central1-subnet",
            "stack_type": "IPV4_ONLY",
            "timeouts": null
          },
          "sensitive_attributes": [],
          "private": "eyJlMmJmYjczMC1lY2FhLTExZTYtOGY4OC0zNDM2M2JjN2M0YzAiOnsiY3JlYXRlIjozNjAwMDAwMDAwMDAsImRlbGV0ZSI6MzYwMDAwMDAwMDAwLCJ1cGRhdGUiOjM2MDAwMDAwMDAwMH19",
          "dependencies": [
            "module.vpc_network.module.vpc.google_compute_network.network"
          ]
        },
        {
          "index_key": "us-east1/us-east1-subnet",
          "schema_version": 0,
          "attributes": {
            "creation_timestamp": "2023-04-11T10:25:09.526-07:00",
            "description": "",
            "external_ipv6_prefix": "",
            "fingerprint": null,
            "gateway_address": "10.0.2.1",
            "id": "projects/sapient-helix-352609/regions/us-east1/subnetworks/us-east1-subnet",
            "ip_cidr_range": "10.0.2.0/24",
            "ipv6_access_type": "",
            "ipv6_cidr_range": "",
            "log_config": [],
            "name": "us-east1-subnet",
            "network": "https://www.googleapis.com/compute/v1/projects/sapient-helix-352609/global/networks/pgbouncer-network",
            "private_ip_google_access": true,
            "private_ipv6_google_access": "DISABLE_GOOGLE_ACCESS",
            "project": "sapient-helix-352609",
            "purpose": "PRIVATE",
            "region": "us-east1",
            "role": "",
            "secondary_ip_range": [
              {
                "ip_cidr_range": "10.100.2.128/25",
                "range_name": "us-east1-subnet"
              }
            ],
            "self_link": "https://www.googleapis.com/compute/v1/projects/sapient-helix-352609/regions/us-east1/subnetworks/us-east1-subnet",
            "stack_type": "IPV4_ONLY",
            "timeouts": null
          },
          "sensitive_attributes": [],
          "private": "eyJlMmJmYjczMC1lY2FhLTExZTYtOGY4OC0zNDM2M2JjN2M0YzAiOnsiY3JlYXRlIjozNjAwMDAwMDAwMDAsImRlbGV0ZSI6MzYwMDAwMDAwMDAwLCJ1cGRhdGUiOjM2MDAwMDAwMDAwMH19",
          "dependencies": [
            "module.vpc_network.module.vpc.google_compute_network.network"
          ]
        },
        {
          "index_key": "us-west1/us-west1-subnet",
          "schema_version": 0,
          "attributes": {
            "creation_timestamp": "2023-04-11T10:25:10.714-07:00",
            "description": "",
            "external_ipv6_prefix": "",
            "fingerprint": null,
            "gateway_address": "10.0.3.1",
            "id": "projects/sapient-helix-352609/regions/us-west1/subnetworks/us-west1-subnet",
            "ip_cidr_range": "10.0.3.0/24",
            "ipv6_access_type": "",
            "ipv6_cidr_range": "",
            "log_config": [],
            "name": "us-west1-subnet",
            "network": "https://www.googleapis.com/compute/v1/projects/sapient-helix-352609/global/networks/pgbouncer-network",
            "private_ip_google_access": true,
            "private_ipv6_google_access": "DISABLE_GOOGLE_ACCESS",
            "project": "sapient-helix-352609",
            "purpose": "PRIVATE",
            "region": "us-west1",
            "role": "",
            "secondary_ip_range": [
              {
                "ip_cidr_range": "10.100.3.128/25",
                "range_name": "us-west1-subnet"
              }
            ],
            "self_link": "https://www.googleapis.com/compute/v1/projects/sapient-helix-352609/regions/us-west1/subnetworks/us-west1-subnet",
            "stack_type": "IPV4_ONLY",
            "timeouts": null
          },
          "sensitive_attributes": [],
          "private": "eyJlMmJmYjczMC1lY2FhLTExZTYtOGY4OC0zNDM2M2JjN2M0YzAiOnsiY3JlYXRlIjozNjAwMDAwMDAwMDAsImRlbGV0ZSI6MzYwMDAwMDAwMDAwLCJ1cGRhdGUiOjM2MDAwMDAwMDAwMH19",
          "dependencies": [
            "module.vpc_network.module.vpc.google_compute_network.network"
          ]
        }
      ]
    },
    {
      "module": "module.vpc_network.module.vpc",
      "mode": "managed",
      "type": "google_compute_network",
      "name": "network",
      "provider": "provider[\"registry.terraform.io/hashicorp/google\"]",
      "instances": [
        {
          "schema_version": 0,
          "attributes": {
            "auto_create_subnetworks": false,
            "delete_default_routes_on_create": false,
            "description": "",
            "gateway_ipv4": "",
            "id": "projects/sapient-helix-352609/global/networks/pgbouncer-network",
            "mtu": 0,
            "name": "pgbouncer-network",
            "project": "sapient-helix-352609",
            "routing_mode": "GLOBAL",
            "self_link": "https://www.googleapis.com/compute/v1/projects/sapient-helix-352609/global/networks/pgbouncer-network",
            "timeouts": null
          },
          "sensitive_attributes": [],
          "private": "eyJlMmJmYjczMC1lY2FhLTExZTYtOGY4OC0zNDM2M2JjN2M0YzAiOnsiY3JlYXRlIjoyNDAwMDAwMDAwMDAsImRlbGV0ZSI6MjQwMDAwMDAwMDAwLCJ1cGRhdGUiOjI0MDAwMDAwMDAwMH19"
        }
      ]
    }
  ],
  "check_results": []
}
